// !$*UTF8*$!
{
	archiveVersion = 1;
	classes = {
	};
	objectVersion = 46;
	objects = {

/* Begin PBXBuildFile section */
		450440F119F2C419006DC05C /* RFC3339.swift in Sources */ = {isa = PBXBuildFile; fileRef = 450440F019F2C419006DC05C /* RFC3339.swift */; };
		4504412219F2C49A006DC05C /* Standard.swift in Sources */ = {isa = PBXBuildFile; fileRef = 4504412119F2C49A006DC05C /* Standard.swift */; };
		450942E819FAC72C00E4C7BD /* Tests.swift in Sources */ = {isa = PBXBuildFile; fileRef = 450942E719FAC72C00E4C7BD /* Tests.swift */; };
		450942E919FAC72C00E4C7BD /* Tests.swift in Sources */ = {isa = PBXBuildFile; fileRef = 450942E719FAC72C00E4C7BD /* Tests.swift */; };
		450942EA19FAC72C00E4C7BD /* Tests.swift in Sources */ = {isa = PBXBuildFile; fileRef = 450942E719FAC72C00E4C7BD /* Tests.swift */; };
		450942EB19FAC72C00E4C7BD /* Tests.swift in Sources */ = {isa = PBXBuildFile; fileRef = 450942E719FAC72C00E4C7BD /* Tests.swift */; };
		450942F919FAC7E800E4C7BD /* EonilText.framework in Frameworks */ = {isa = PBXBuildFile; fileRef = 450942F419FAC7DE00E4C7BD /* EonilText.framework */; };
		450942FA19FAC7ED00E4C7BD /* EonilText.framework in Frameworks */ = {isa = PBXBuildFile; fileRef = 450942F419FAC7DE00E4C7BD /* EonilText.framework */; };
		450942FB19FAC7F600E4C7BD /* EonilText.framework in Frameworks */ = {isa = PBXBuildFile; fileRef = 450942F419FAC7DE00E4C7BD /* EonilText.framework */; };
		4509430019FAC80000E4C7BD /* EonilText.framework in Frameworks */ = {isa = PBXBuildFile; fileRef = 450942F419FAC7DE00E4C7BD /* EonilText.framework */; };
		4524473F19F5821C00B47EC4 /* Error.swift in Sources */ = {isa = PBXBuildFile; fileRef = 4524473E19F5821C00B47EC4 /* Error.swift */; };
		4524474019F5821C00B47EC4 /* Error.swift in Sources */ = {isa = PBXBuildFile; fileRef = 4524473E19F5821C00B47EC4 /* Error.swift */; };
		4524474119F5821C00B47EC4 /* Error.swift in Sources */ = {isa = PBXBuildFile; fileRef = 4524473E19F5821C00B47EC4 /* Error.swift */; };
		4524474219F5821C00B47EC4 /* Error.swift in Sources */ = {isa = PBXBuildFile; fileRef = 4524473E19F5821C00B47EC4 /* Error.swift */; };
		45389DEF19F42B0D0045A4C4 /* RFC2616.swift in Sources */ = {isa = PBXBuildFile; fileRef = 45389DEE19F42B0D0045A4C4 /* RFC2616.swift */; };
		454052C619F5752900B6A408 /* RFC4627.Unused.swift in Sources */ = {isa = PBXBuildFile; fileRef = 454052C519F5752900B6A408 /* RFC4627.Unused.swift */; };
		454052CC19F577F300B6A408 /* RFC4627.Unused.swift in Sources */ = {isa = PBXBuildFile; fileRef = 454052C519F5752900B6A408 /* RFC4627.Unused.swift */; };
		454052CD19F577F300B6A408 /* RFC4627.Unused.swift in Sources */ = {isa = PBXBuildFile; fileRef = 454052C519F5752900B6A408 /* RFC4627.Unused.swift */; };
		454052CE19F577F400B6A408 /* RFC4627.Unused.swift in Sources */ = {isa = PBXBuildFile; fileRef = 454052C519F5752900B6A408 /* RFC4627.Unused.swift */; };
		454052D019F5780900B6A408 /* JSON.swift in Sources */ = {isa = PBXBuildFile; fileRef = 454052CF19F5780900B6A408 /* JSON.swift */; };
		454052D219F5783300B6A408 /* HTTP.swift in Sources */ = {isa = PBXBuildFile; fileRef = 454052D119F5783300B6A408 /* HTTP.swift */; };
		454052D319F5783300B6A408 /* HTTP.swift in Sources */ = {isa = PBXBuildFile; fileRef = 454052D119F5783300B6A408 /* HTTP.swift */; };
		454052D419F5783300B6A408 /* HTTP.swift in Sources */ = {isa = PBXBuildFile; fileRef = 454052D119F5783300B6A408 /* HTTP.swift */; };
		454052D519F5783300B6A408 /* HTTP.swift in Sources */ = {isa = PBXBuildFile; fileRef = 454052D119F5783300B6A408 /* HTTP.swift */; };
		454052D619F5783600B6A408 /* JSON.swift in Sources */ = {isa = PBXBuildFile; fileRef = 454052CF19F5780900B6A408 /* JSON.swift */; };
		454052D719F5783600B6A408 /* JSON.swift in Sources */ = {isa = PBXBuildFile; fileRef = 454052CF19F5780900B6A408 /* JSON.swift */; };
		454052D819F5783700B6A408 /* JSON.swift in Sources */ = {isa = PBXBuildFile; fileRef = 454052CF19F5780900B6A408 /* JSON.swift */; };
		454052DA19F5785600B6A408 /* URL.swift in Sources */ = {isa = PBXBuildFile; fileRef = 454052D919F5785600B6A408 /* URL.swift */; };
		454052DB19F5785600B6A408 /* URL.swift in Sources */ = {isa = PBXBuildFile; fileRef = 454052D919F5785600B6A408 /* URL.swift */; };
		454052DC19F5785600B6A408 /* URL.swift in Sources */ = {isa = PBXBuildFile; fileRef = 454052D919F5785600B6A408 /* URL.swift */; };
		454052DD19F5785600B6A408 /* URL.swift in Sources */ = {isa = PBXBuildFile; fileRef = 454052D919F5785600B6A408 /* URL.swift */; };
		454052DF19F5787A00B6A408 /* RFC4627.Extensions.swift in Sources */ = {isa = PBXBuildFile; fileRef = 454052DE19F5787A00B6A408 /* RFC4627.Extensions.swift */; };
		454052E019F5787A00B6A408 /* RFC4627.Extensions.swift in Sources */ = {isa = PBXBuildFile; fileRef = 454052DE19F5787A00B6A408 /* RFC4627.Extensions.swift */; };
		454052E119F5787A00B6A408 /* RFC4627.Extensions.swift in Sources */ = {isa = PBXBuildFile; fileRef = 454052DE19F5787A00B6A408 /* RFC4627.Extensions.swift */; };
		454052E219F5787A00B6A408 /* RFC4627.Extensions.swift in Sources */ = {isa = PBXBuildFile; fileRef = 454052DE19F5787A00B6A408 /* RFC4627.Extensions.swift */; };
		454052E419F5789200B6A408 /* RFC4627.Operators.swift in Sources */ = {isa = PBXBuildFile; fileRef = 454052E319F5789200B6A408 /* RFC4627.Operators.swift */; };
		454052E519F5789200B6A408 /* RFC4627.Operators.swift in Sources */ = {isa = PBXBuildFile; fileRef = 454052E319F5789200B6A408 /* RFC4627.Operators.swift */; };
		454052E619F5789200B6A408 /* RFC4627.Operators.swift in Sources */ = {isa = PBXBuildFile; fileRef = 454052E319F5789200B6A408 /* RFC4627.Operators.swift */; };
		454052E719F5789200B6A408 /* RFC4627.Operators.swift in Sources */ = {isa = PBXBuildFile; fileRef = 454052E319F5789200B6A408 /* RFC4627.Operators.swift */; };
		454EE88B19F52F22009EF039 /* RFC4627.swift in Sources */ = {isa = PBXBuildFile; fileRef = 454EE88A19F52F22009EF039 /* RFC4627.swift */; };
		4568300D19F3012A0085CBC5 /* main.swift in Sources */ = {isa = PBXBuildFile; fileRef = 4568300C19F3012A0085CBC5 /* main.swift */; };
		4568307219F302DF0085CBC5 /* AppDelegate.swift in Sources */ = {isa = PBXBuildFile; fileRef = 4568307119F302DF0085CBC5 /* AppDelegate.swift */; };
		4568307419F302DF0085CBC5 /* ViewController.swift in Sources */ = {isa = PBXBuildFile; fileRef = 4568307319F302DF0085CBC5 /* ViewController.swift */; };
		4568307719F302DF0085CBC5 /* Main.storyboard in Resources */ = {isa = PBXBuildFile; fileRef = 4568307519F302DF0085CBC5 /* Main.storyboard */; };
		4568307919F302DF0085CBC5 /* Images.xcassets in Resources */ = {isa = PBXBuildFile; fileRef = 4568307819F302DF0085CBC5 /* Images.xcassets */; };
		4568307C19F302DF0085CBC5 /* LaunchScreen.xib in Resources */ = {isa = PBXBuildFile; fileRef = 4568307A19F302DF0085CBC5 /* LaunchScreen.xib */; };
		4568308F19F3033D0085CBC5 /* Monolith.swift in Sources */ = {isa = PBXBuildFile; fileRef = 458615D119F17DAD007408AF /* Monolith.swift */; };
		4568309019F3033D0085CBC5 /* System.swift in Sources */ = {isa = PBXBuildFile; fileRef = 4584D83A19F192090093E2B1 /* System.swift */; };
		4568309119F3033D0085CBC5 /* Operators.swift in Sources */ = {isa = PBXBuildFile; fileRef = 4586160B19F17EF5007408AF /* Operators.swift */; };
		4568309219F3033D0085CBC5 /* Standard.swift in Sources */ = {isa = PBXBuildFile; fileRef = 4504412119F2C49A006DC05C /* Standard.swift */; };
		4568309319F3033D0085CBC5 /* RFC3339.swift in Sources */ = {isa = PBXBuildFile; fileRef = 450440F019F2C419006DC05C /* RFC3339.swift */; };
		4568309419F3033D0085CBC5 /* xISO8601.swift in Sources */ = {isa = PBXBuildFile; fileRef = 4584D83D19F192960093E2B1 /* xISO8601.swift */; };
		457934BE19F54037001C12F6 /* RFC4627.swift in Sources */ = {isa = PBXBuildFile; fileRef = 454EE88A19F52F22009EF039 /* RFC4627.swift */; };
		457934C219F54038001C12F6 /* RFC4627.swift in Sources */ = {isa = PBXBuildFile; fileRef = 454EE88A19F52F22009EF039 /* RFC4627.swift */; };
		457934C319F54038001C12F6 /* RFC4627.swift in Sources */ = {isa = PBXBuildFile; fileRef = 454EE88A19F52F22009EF039 /* RFC4627.swift */; };
		4584D83B19F192090093E2B1 /* System.swift in Sources */ = {isa = PBXBuildFile; fileRef = 4584D83A19F192090093E2B1 /* System.swift */; };
		4584D83E19F192960093E2B1 /* xISO8601.swift in Sources */ = {isa = PBXBuildFile; fileRef = 4584D83D19F192960093E2B1 /* xISO8601.swift */; };
		458615D219F17DAD007408AF /* Monolith.swift in Sources */ = {isa = PBXBuildFile; fileRef = 458615D119F17DAD007408AF /* Monolith.swift */; };
		4586160C19F17EF5007408AF /* Operators.swift in Sources */ = {isa = PBXBuildFile; fileRef = 4586160B19F17EF5007408AF /* Operators.swift */; };
		45942F0819F3B86B008EB820 /* System.Time.swift in Sources */ = {isa = PBXBuildFile; fileRef = 45942F0719F3B86B008EB820 /* System.Time.swift */; };
		45AFAD4319F3DE4800EC17DC /* Monolith.swift in Sources */ = {isa = PBXBuildFile; fileRef = 458615D119F17DAD007408AF /* Monolith.swift */; };
		45AFAD4419F3DE4800EC17DC /* System.Time.swift in Sources */ = {isa = PBXBuildFile; fileRef = 45942F0719F3B86B008EB820 /* System.Time.swift */; };
		45AFAD4519F3DE4800EC17DC /* RFC3339.swift in Sources */ = {isa = PBXBuildFile; fileRef = 450440F019F2C419006DC05C /* RFC3339.swift */; };
		45AFAD4619F3DE4800EC17DC /* System.swift in Sources */ = {isa = PBXBuildFile; fileRef = 4584D83A19F192090093E2B1 /* System.swift */; };
		45AFAD4719F3DE4800EC17DC /* Standard.swift in Sources */ = {isa = PBXBuildFile; fileRef = 4504412119F2C49A006DC05C /* Standard.swift */; };
		45AFAD4819F3DE4800EC17DC /* xISO8601.swift in Sources */ = {isa = PBXBuildFile; fileRef = 4584D83D19F192960093E2B1 /* xISO8601.swift */; };
		45AFAD4919F3DE4800EC17DC /* Operators.swift in Sources */ = {isa = PBXBuildFile; fileRef = 4586160B19F17EF5007408AF /* Operators.swift */; };
		45AFAD4B19F3DE4D00EC17DC /* Monolith.swift in Sources */ = {isa = PBXBuildFile; fileRef = 458615D119F17DAD007408AF /* Monolith.swift */; };
		45AFAD4C19F3DE4D00EC17DC /* System.Time.swift in Sources */ = {isa = PBXBuildFile; fileRef = 45942F0719F3B86B008EB820 /* System.Time.swift */; };
		45AFAD4D19F3DE4D00EC17DC /* RFC3339.swift in Sources */ = {isa = PBXBuildFile; fileRef = 450440F019F2C419006DC05C /* RFC3339.swift */; };
		45AFAD4E19F3DE4D00EC17DC /* System.swift in Sources */ = {isa = PBXBuildFile; fileRef = 4584D83A19F192090093E2B1 /* System.swift */; };
		45AFAD4F19F3DE4D00EC17DC /* Standard.swift in Sources */ = {isa = PBXBuildFile; fileRef = 4504412119F2C49A006DC05C /* Standard.swift */; };
		45AFAD5019F3DE4D00EC17DC /* xISO8601.swift in Sources */ = {isa = PBXBuildFile; fileRef = 4584D83D19F192960093E2B1 /* xISO8601.swift */; };
		45AFAD5119F3DE4D00EC17DC /* Operators.swift in Sources */ = {isa = PBXBuildFile; fileRef = 4586160B19F17EF5007408AF /* Operators.swift */; };
		45AFAD5219F3DE4E00EC17DC /* System.Time.swift in Sources */ = {isa = PBXBuildFile; fileRef = 45942F0719F3B86B008EB820 /* System.Time.swift */; };
		45B24AFF19F42FAD001D3E18 /* RFC2616.swift in Sources */ = {isa = PBXBuildFile; fileRef = 45389DEE19F42B0D0045A4C4 /* RFC2616.swift */; };
		45B24B0719F42FAE001D3E18 /* RFC2616.swift in Sources */ = {isa = PBXBuildFile; fileRef = 45389DEE19F42B0D0045A4C4 /* RFC2616.swift */; };
		45B24B0819F42FAE001D3E18 /* RFC2616.swift in Sources */ = {isa = PBXBuildFile; fileRef = 45389DEE19F42B0D0045A4C4 /* RFC2616.swift */; };
		45B24B0A19F4326F001D3E18 /* RFC1808.swift in Sources */ = {isa = PBXBuildFile; fileRef = 45B24B0919F4326F001D3E18 /* RFC1808.swift */; };
		45B24B0B19F43643001D3E18 /* RFC1808.swift in Sources */ = {isa = PBXBuildFile; fileRef = 45B24B0919F4326F001D3E18 /* RFC1808.swift */; };
		45B24B0C19F43644001D3E18 /* RFC1808.swift in Sources */ = {isa = PBXBuildFile; fileRef = 45B24B0919F4326F001D3E18 /* RFC1808.swift */; };
		45B24B0D19F43644001D3E18 /* RFC1808.swift in Sources */ = {isa = PBXBuildFile; fileRef = 45B24B0919F4326F001D3E18 /* RFC1808.swift */; };
		45B24B2319F43B6A001D3E18 /* OBJCLevelFeatures.m in Sources */ = {isa = PBXBuildFile; fileRef = 45B24B2219F43B6A001D3E18 /* OBJCLevelFeatures.m */; };
		45B24B2419F43B6A001D3E18 /* OBJCLevelFeatures.m in Sources */ = {isa = PBXBuildFile; fileRef = 45B24B2219F43B6A001D3E18 /* OBJCLevelFeatures.m */; };
		45B24B2519F43B6A001D3E18 /* OBJCLevelFeatures.m in Sources */ = {isa = PBXBuildFile; fileRef = 45B24B2219F43B6A001D3E18 /* OBJCLevelFeatures.m */; };
		45B24B2619F43B6A001D3E18 /* OBJCLevelFeatures.m in Sources */ = {isa = PBXBuildFile; fileRef = 45B24B2219F43B6A001D3E18 /* OBJCLevelFeatures.m */; };
		45BAF50219F5895F001F6894 /* RFC1808+RFC4627.swift in Sources */ = {isa = PBXBuildFile; fileRef = 45BAF50119F5895F001F6894 /* RFC1808+RFC4627.swift */; };
		45BAF50319F58A9F001F6894 /* RFC1808+RFC4627.swift in Sources */ = {isa = PBXBuildFile; fileRef = 45BAF50119F5895F001F6894 /* RFC1808+RFC4627.swift */; };
		45BAF50419F58A9F001F6894 /* RFC1808+RFC4627.swift in Sources */ = {isa = PBXBuildFile; fileRef = 45BAF50119F5895F001F6894 /* RFC1808+RFC4627.swift */; };
		45BAF50519F58A9F001F6894 /* RFC1808+RFC4627.swift in Sources */ = {isa = PBXBuildFile; fileRef = 45BAF50119F5895F001F6894 /* RFC1808+RFC4627.swift */; };
/* End PBXBuildFile section */

/* Begin PBXContainerItemProxy section */
		450942F319FAC7DE00E4C7BD /* PBXContainerItemProxy */ = {
			isa = PBXContainerItemProxy;
			containerPortal = 450942ED19FAC7DE00E4C7BD /* Text.xcodeproj */;
			proxyType = 2;
			remoteGlobalIDString = 45641AC919F0D52200381269;
			remoteInfo = "Text OSX";
		};
		450942F519FAC7DE00E4C7BD /* PBXContainerItemProxy */ = {
			isa = PBXContainerItemProxy;
			containerPortal = 450942ED19FAC7DE00E4C7BD /* Text.xcodeproj */;
			proxyType = 2;
			remoteGlobalIDString = 4584D80319F18D930093E2B1;
			remoteInfo = "Text iOS";
		};
		450942F719FAC7DE00E4C7BD /* PBXContainerItemProxy */ = {
			isa = PBXContainerItemProxy;
			containerPortal = 450942ED19FAC7DE00E4C7BD /* Text.xcodeproj */;
			proxyType = 2;
			remoteGlobalIDString = 45D987A019ECE38C00B96829;
			remoteInfo = "Text OSX Test";
		};
		450942FC19FAC7F900E4C7BD /* PBXContainerItemProxy */ = {
			isa = PBXContainerItemProxy;
			containerPortal = 450942ED19FAC7DE00E4C7BD /* Text.xcodeproj */;
			proxyType = 1;
			remoteGlobalIDString = 45641AC819F0D52200381269;
			remoteInfo = "Text OSX";
		};
		450942FE19FAC7FD00E4C7BD /* PBXContainerItemProxy */ = {
			isa = PBXContainerItemProxy;
			containerPortal = 450942ED19FAC7DE00E4C7BD /* Text.xcodeproj */;
			proxyType = 1;
			remoteGlobalIDString = 4584D80219F18D930093E2B1;
			remoteInfo = "Text iOS";
		};
		4509430119FAC80400E4C7BD /* PBXContainerItemProxy */ = {
			isa = PBXContainerItemProxy;
			containerPortal = 450942ED19FAC7DE00E4C7BD /* Text.xcodeproj */;
			proxyType = 1;
			remoteGlobalIDString = 4584D80219F18D930093E2B1;
			remoteInfo = "Text iOS";
		};
		4509430319FAC80900E4C7BD /* PBXContainerItemProxy */ = {
			isa = PBXContainerItemProxy;
			containerPortal = 450942ED19FAC7DE00E4C7BD /* Text.xcodeproj */;
			proxyType = 1;
			remoteGlobalIDString = 45641AC819F0D52200381269;
			remoteInfo = "Text OSX";
		};
/* End PBXContainerItemProxy section */

/* Begin PBXCopyFilesBuildPhase section */
		4568300819F3012A0085CBC5 /* CopyFiles */ = {
			isa = PBXCopyFilesBuildPhase;
			buildActionMask = 2147483647;
			dstPath = /usr/share/man/man1/;
			dstSubfolderSpec = 0;
			files = (
			);
			runOnlyForDeploymentPostprocessing = 1;
		};
/* End PBXCopyFilesBuildPhase section */

/* Begin PBXFileReference section */
		450440F019F2C419006DC05C /* RFC3339.swift */ = {isa = PBXFileReference; fileEncoding = 4; lastKnownFileType = sourcecode.swift; path = RFC3339.swift; sourceTree = "<group>"; };
		4504412119F2C49A006DC05C /* Standard.swift */ = {isa = PBXFileReference; fileEncoding = 4; lastKnownFileType = sourcecode.swift; path = Standard.swift; sourceTree = "<group>"; };
		450942E719FAC72C00E4C7BD /* Tests.swift */ = {isa = PBXFileReference; fileEncoding = 4; lastKnownFileType = sourcecode.swift; path = Tests.swift; sourceTree = "<group>"; };
		450942ED19FAC7DE00E4C7BD /* Text.xcodeproj */ = {isa = PBXFileReference; lastKnownFileType = "wrapper.pb-project"; name = Text.xcodeproj; path = Text/Text.xcodeproj; sourceTree = "<group>"; };
		4524473E19F5821C00B47EC4 /* Error.swift */ = {isa = PBXFileReference; fileEncoding = 4; lastKnownFileType = sourcecode.swift; path = Error.swift; sourceTree = "<group>"; };
		45389DEE19F42B0D0045A4C4 /* RFC2616.swift */ = {isa = PBXFileReference; fileEncoding = 4; lastKnownFileType = sourcecode.swift; path = RFC2616.swift; sourceTree = "<group>"; };
		454052C519F5752900B6A408 /* RFC4627.Unused.swift */ = {isa = PBXFileReference; fileEncoding = 4; lastKnownFileType = sourcecode.swift; path = RFC4627.Unused.swift; sourceTree = "<group>"; };
		454052CF19F5780900B6A408 /* JSON.swift */ = {isa = PBXFileReference; fileEncoding = 4; lastKnownFileType = sourcecode.swift; path = JSON.swift; sourceTree = "<group>"; };
		454052D119F5783300B6A408 /* HTTP.swift */ = {isa = PBXFileReference; fileEncoding = 4; lastKnownFileType = sourcecode.swift; path = HTTP.swift; sourceTree = "<group>"; };
		454052D919F5785600B6A408 /* URL.swift */ = {isa = PBXFileReference; fileEncoding = 4; lastKnownFileType = sourcecode.swift; path = URL.swift; sourceTree = "<group>"; };
		454052DE19F5787A00B6A408 /* RFC4627.Extensions.swift */ = {isa = PBXFileReference; fileEncoding = 4; lastKnownFileType = sourcecode.swift; path = RFC4627.Extensions.swift; sourceTree = "<group>"; };
		454052E319F5789200B6A408 /* RFC4627.Operators.swift */ = {isa = PBXFileReference; fileEncoding = 4; lastKnownFileType = sourcecode.swift; path = RFC4627.Operators.swift; sourceTree = "<group>"; };
		454EE88A19F52F22009EF039 /* RFC4627.swift */ = {isa = PBXFileReference; fileEncoding = 4; lastKnownFileType = sourcecode.swift; path = RFC4627.swift; sourceTree = "<group>"; };
		45682FCA19F2FD340085CBC5 /* Cocoa.framework */ = {isa = PBXFileReference; lastKnownFileType = wrapper.framework; name = Cocoa.framework; path = System/Library/Frameworks/Cocoa.framework; sourceTree = SDKROOT; };
		4568300A19F3012A0085CBC5 /* Monolith OSX Test */ = {isa = PBXFileReference; explicitFileType = "compiled.mach-o.executable"; includeInIndex = 0; path = "Monolith OSX Test"; sourceTree = BUILT_PRODUCTS_DIR; };
		4568300C19F3012A0085CBC5 /* main.swift */ = {isa = PBXFileReference; lastKnownFileType = sourcecode.swift; path = main.swift; sourceTree = "<group>"; };
		4568306D19F302DF0085CBC5 /* Monolith iOS Test.app */ = {isa = PBXFileReference; explicitFileType = wrapper.application; includeInIndex = 0; path = "Monolith iOS Test.app"; sourceTree = BUILT_PRODUCTS_DIR; };
		4568307019F302DF0085CBC5 /* Info.plist */ = {isa = PBXFileReference; lastKnownFileType = text.plist.xml; path = Info.plist; sourceTree = "<group>"; };
		4568307119F302DF0085CBC5 /* AppDelegate.swift */ = {isa = PBXFileReference; lastKnownFileType = sourcecode.swift; path = AppDelegate.swift; sourceTree = "<group>"; };
		4568307319F302DF0085CBC5 /* ViewController.swift */ = {isa = PBXFileReference; lastKnownFileType = sourcecode.swift; path = ViewController.swift; sourceTree = "<group>"; };
		4568307619F302DF0085CBC5 /* Base */ = {isa = PBXFileReference; lastKnownFileType = file.storyboard; name = Base; path = Base.lproj/Main.storyboard; sourceTree = "<group>"; };
		4568307819F302DF0085CBC5 /* Images.xcassets */ = {isa = PBXFileReference; lastKnownFileType = folder.assetcatalog; path = Images.xcassets; sourceTree = "<group>"; };
		4568307B19F302DF0085CBC5 /* Base */ = {isa = PBXFileReference; lastKnownFileType = file.xib; name = Base; path = Base.lproj/LaunchScreen.xib; sourceTree = "<group>"; };
		4584D83A19F192090093E2B1 /* System.swift */ = {isa = PBXFileReference; fileEncoding = 4; lastKnownFileType = sourcecode.swift; path = System.swift; sourceTree = "<group>"; };
		4584D83D19F192960093E2B1 /* xISO8601.swift */ = {isa = PBXFileReference; fileEncoding = 4; lastKnownFileType = sourcecode.swift; path = xISO8601.swift; sourceTree = "<group>"; };
		4586159419F17C4B007408AF /* Monolith.framework */ = {isa = PBXFileReference; explicitFileType = wrapper.framework; includeInIndex = 0; path = Monolith.framework; sourceTree = BUILT_PRODUCTS_DIR; };
		458615CE19F17CD3007408AF /* Info.plist */ = {isa = PBXFileReference; lastKnownFileType = text.plist.xml; path = Info.plist; sourceTree = "<group>"; };
		458615D019F17CD3007408AF /* Info.plist */ = {isa = PBXFileReference; lastKnownFileType = text.plist.xml; path = Info.plist; sourceTree = "<group>"; };
		458615D119F17DAD007408AF /* Monolith.swift */ = {isa = PBXFileReference; fileEncoding = 4; lastKnownFileType = sourcecode.swift; path = Monolith.swift; sourceTree = "<group>"; };
		4586160B19F17EF5007408AF /* Operators.swift */ = {isa = PBXFileReference; fileEncoding = 4; lastKnownFileType = sourcecode.swift; path = Operators.swift; sourceTree = "<group>"; };
		45942F0719F3B86B008EB820 /* System.Time.swift */ = {isa = PBXFileReference; fileEncoding = 4; lastKnownFileType = sourcecode.swift; path = System.Time.swift; sourceTree = "<group>"; };
		45AFAD2A19F3DE2300EC17DC /* Monolith.framework */ = {isa = PBXFileReference; explicitFileType = wrapper.framework; includeInIndex = 0; path = Monolith.framework; sourceTree = BUILT_PRODUCTS_DIR; };
		45B24B0919F4326F001D3E18 /* RFC1808.swift */ = {isa = PBXFileReference; fileEncoding = 4; lastKnownFileType = sourcecode.swift; path = RFC1808.swift; sourceTree = "<group>"; };
		45B24B1919F43AAB001D3E18 /* Monolith-Bridging-Header.h */ = {isa = PBXFileReference; lastKnownFileType = sourcecode.c.h; path = "Monolith-Bridging-Header.h"; sourceTree = "<group>"; };
		45B24B2219F43B6A001D3E18 /* OBJCLevelFeatures.m */ = {isa = PBXFileReference; fileEncoding = 4; lastKnownFileType = sourcecode.c.objc; path = OBJCLevelFeatures.m; sourceTree = "<group>"; };
		45B24B2719F43B7D001D3E18 /* OBJCLevelFeatures.h */ = {isa = PBXFileReference; lastKnownFileType = sourcecode.c.h; path = OBJCLevelFeatures.h; sourceTree = "<group>"; };
		45BAF50119F5895F001F6894 /* RFC1808+RFC4627.swift */ = {isa = PBXFileReference; fileEncoding = 4; lastKnownFileType = sourcecode.swift; path = "RFC1808+RFC4627.swift"; sourceTree = "<group>"; };
/* End PBXFileReference section */

/* Begin PBXFrameworksBuildPhase section */
		4568300719F3012A0085CBC5 /* Frameworks */ = {
			isa = PBXFrameworksBuildPhase;
			buildActionMask = 2147483647;
			files = (
				450942F919FAC7E800E4C7BD /* EonilText.framework in Frameworks */,
			);
			runOnlyForDeploymentPostprocessing = 0;
		};
		4568306A19F302DF0085CBC5 /* Frameworks */ = {
			isa = PBXFrameworksBuildPhase;
			buildActionMask = 2147483647;
			files = (
				450942FA19FAC7ED00E4C7BD /* EonilText.framework in Frameworks */,
			);
			runOnlyForDeploymentPostprocessing = 0;
		};
		4586159019F17C4B007408AF /* Frameworks */ = {
			isa = PBXFrameworksBuildPhase;
			buildActionMask = 2147483647;
			files = (
				450942FB19FAC7F600E4C7BD /* EonilText.framework in Frameworks */,
			);
			runOnlyForDeploymentPostprocessing = 0;
		};
		45AFAD2619F3DE2300EC17DC /* Frameworks */ = {
			isa = PBXFrameworksBuildPhase;
			buildActionMask = 2147483647;
			files = (
				4509430019FAC80000E4C7BD /* EonilText.framework in Frameworks */,
			);
			runOnlyForDeploymentPostprocessing = 0;
		};
/* End PBXFrameworksBuildPhase section */

/* Begin PBXGroup section */
		450440FE19F2C457006DC05C /* References */ = {
			isa = PBXGroup;
			children = (
				45682FCA19F2FD340085CBC5 /* Cocoa.framework */,
			);
			name = References;
			sourceTree = "<group>";
		};
		450942E619FAC72500E4C7BD /* Tests */ = {
			isa = PBXGroup;
			children = (
				450942E719FAC72C00E4C7BD /* Tests.swift */,
			);
			path = Tests;
			sourceTree = "<group>";
		};
		450942EC19FAC7D800E4C7BD /* Components */ = {
			isa = PBXGroup;
			children = (
				450942ED19FAC7DE00E4C7BD /* Text.xcodeproj */,
			);
			path = Components;
			sourceTree = "<group>";
		};
		450942EE19FAC7DE00E4C7BD /* Products */ = {
			isa = PBXGroup;
			children = (
				450942F419FAC7DE00E4C7BD /* EonilText.framework */,
				450942F619FAC7DE00E4C7BD /* EonilText.framework */,
				450942F819FAC7DE00E4C7BD /* EonilTextTest */,
			);
			name = Products;
			sourceTree = "<group>";
		};
		4568300B19F3012A0085CBC5 /* Monolith OSX Test */ = {
			isa = PBXGroup;
			children = (
				4568300C19F3012A0085CBC5 /* main.swift */,
			);
			path = "Monolith OSX Test";
			sourceTree = "<group>";
		};
		4568306E19F302DF0085CBC5 /* Monolith iOS Test */ = {
			isa = PBXGroup;
			children = (
				4568307119F302DF0085CBC5 /* AppDelegate.swift */,
				4568307319F302DF0085CBC5 /* ViewController.swift */,
				4568307519F302DF0085CBC5 /* Main.storyboard */,
				4568307819F302DF0085CBC5 /* Images.xcassets */,
				4568307A19F302DF0085CBC5 /* LaunchScreen.xib */,
				4568306F19F302DF0085CBC5 /* Supporting Files */,
			);
			path = "Monolith iOS Test";
			sourceTree = "<group>";
		};
		4568306F19F302DF0085CBC5 /* Supporting Files */ = {
			isa = PBXGroup;
			children = (
				4568307019F302DF0085CBC5 /* Info.plist */,
			);
			name = "Supporting Files";
			sourceTree = "<group>";
		};
		4584D83C19F1928F0093E2B1 /* Standard */ = {
			isa = PBXGroup;
			children = (
				4504412119F2C49A006DC05C /* Standard.swift */,
				454052D919F5785600B6A408 /* URL.swift */,
				45B24B0919F4326F001D3E18 /* RFC1808.swift */,
				45BAF50119F5895F001F6894 /* RFC1808+RFC4627.swift */,
				454052D119F5783300B6A408 /* HTTP.swift */,
				45389DEE19F42B0D0045A4C4 /* RFC2616.swift */,
				450440F019F2C419006DC05C /* RFC3339.swift */,
				454052CF19F5780900B6A408 /* JSON.swift */,
				454EE88A19F52F22009EF039 /* RFC4627.swift */,
				454052E319F5789200B6A408 /* RFC4627.Operators.swift */,
				454052DE19F5787A00B6A408 /* RFC4627.Extensions.swift */,
				454052C519F5752900B6A408 /* RFC4627.Unused.swift */,
				4584D83D19F192960093E2B1 /* xISO8601.swift */,
			);
			path = Standard;
			sourceTree = "<group>";
		};
		4586156019F17B86007408AF = {
			isa = PBXGroup;
			children = (
				458615CC19F17CD3007408AF /* Targets */,
				450942E619FAC72500E4C7BD /* Tests */,
				450942EC19FAC7D800E4C7BD /* Components */,
				458615B419F17CB8007408AF /* Sources */,
				450440FE19F2C457006DC05C /* References */,
				4568300B19F3012A0085CBC5 /* Monolith OSX Test */,
				4568306E19F302DF0085CBC5 /* Monolith iOS Test */,
				4586159519F17C4B007408AF /* Products */,
			);
			sourceTree = "<group>";
		};
		4586159519F17C4B007408AF /* Products */ = {
			isa = PBXGroup;
			children = (
				4586159419F17C4B007408AF /* Monolith.framework */,
				4568300A19F3012A0085CBC5 /* Monolith OSX Test */,
				4568306D19F302DF0085CBC5 /* Monolith iOS Test.app */,
				45AFAD2A19F3DE2300EC17DC /* Monolith.framework */,
			);
			name = Products;
			sourceTree = "<group>";
		};
		458615B419F17CB8007408AF /* Sources */ = {
			isa = PBXGroup;
			children = (
				458615D119F17DAD007408AF /* Monolith.swift */,
				4584D83A19F192090093E2B1 /* System.swift */,
				45942F0719F3B86B008EB820 /* System.Time.swift */,
				4586160B19F17EF5007408AF /* Operators.swift */,
				4524473E19F5821C00B47EC4 /* Error.swift */,
				45B24B1819F43A89001D3E18 /* Bridging */,
				4584D83C19F1928F0093E2B1 /* Standard */,
			);
			path = Sources;
			sourceTree = "<group>";
		};
		458615CC19F17CD3007408AF /* Targets */ = {
			isa = PBXGroup;
			children = (
				458615CD19F17CD3007408AF /* iOS */,
				458615CF19F17CD3007408AF /* OSX */,
			);
			path = Targets;
			sourceTree = "<group>";
		};
		458615CD19F17CD3007408AF /* iOS */ = {
			isa = PBXGroup;
			children = (
				458615CE19F17CD3007408AF /* Info.plist */,
			);
			path = iOS;
			sourceTree = "<group>";
		};
		458615CF19F17CD3007408AF /* OSX */ = {
			isa = PBXGroup;
			children = (
				458615D019F17CD3007408AF /* Info.plist */,
			);
			path = OSX;
			sourceTree = "<group>";
		};
		45B24B1819F43A89001D3E18 /* Bridging */ = {
			isa = PBXGroup;
			children = (
				45B24B1919F43AAB001D3E18 /* Monolith-Bridging-Header.h */,
				45B24B2719F43B7D001D3E18 /* OBJCLevelFeatures.h */,
				45B24B2219F43B6A001D3E18 /* OBJCLevelFeatures.m */,
			);
			path = Bridging;
			sourceTree = "<group>";
		};
/* End PBXGroup section */

/* Begin PBXHeadersBuildPhase section */
		4586159119F17C4B007408AF /* Headers */ = {
			isa = PBXHeadersBuildPhase;
			buildActionMask = 2147483647;
			files = (
			);
			runOnlyForDeploymentPostprocessing = 0;
		};
		45AFAD2719F3DE2300EC17DC /* Headers */ = {
			isa = PBXHeadersBuildPhase;
			buildActionMask = 2147483647;
			files = (
			);
			runOnlyForDeploymentPostprocessing = 0;
		};
/* End PBXHeadersBuildPhase section */

/* Begin PBXNativeTarget section */
		4568300919F3012A0085CBC5 /* Monolith OSX Test */ = {
			isa = PBXNativeTarget;
			buildConfigurationList = 4568300E19F3012A0085CBC5 /* Build configuration list for PBXNativeTarget "Monolith OSX Test" */;
			buildPhases = (
				4568300619F3012A0085CBC5 /* Sources */,
				4568300719F3012A0085CBC5 /* Frameworks */,
				4568300819F3012A0085CBC5 /* CopyFiles */,
			);
			buildRules = (
			);
			dependencies = (
				4509430419FAC80900E4C7BD /* PBXTargetDependency */,
			);
			name = "Monolith OSX Test";
			productName = "Monolith OSX Test";
			productReference = 4568300A19F3012A0085CBC5 /* Monolith OSX Test */;
			productType = "com.apple.product-type.tool";
		};
		4568306C19F302DF0085CBC5 /* Monolith iOS Test */ = {
			isa = PBXNativeTarget;
			buildConfigurationList = 4568308919F302DF0085CBC5 /* Build configuration list for PBXNativeTarget "Monolith iOS Test" */;
			buildPhases = (
				4568306919F302DF0085CBC5 /* Sources */,
				4568306A19F302DF0085CBC5 /* Frameworks */,
				4568306B19F302DF0085CBC5 /* Resources */,
			);
			buildRules = (
			);
			dependencies = (
				4509430219FAC80400E4C7BD /* PBXTargetDependency */,
			);
			name = "Monolith iOS Test";
			productName = "Monolith iOS Test";
			productReference = 4568306D19F302DF0085CBC5 /* Monolith iOS Test.app */;
			productType = "com.apple.product-type.application";
		};
		4586159319F17C4B007408AF /* Monolith OSX */ = {
			isa = PBXNativeTarget;
			buildConfigurationList = 458615A819F17C4B007408AF /* Build configuration list for PBXNativeTarget "Monolith OSX" */;
			buildPhases = (
				4586158F19F17C4B007408AF /* Sources */,
				4586159019F17C4B007408AF /* Frameworks */,
				4586159119F17C4B007408AF /* Headers */,
				4586159219F17C4B007408AF /* Resources */,
			);
			buildRules = (
			);
			dependencies = (
				450942FD19FAC7F900E4C7BD /* PBXTargetDependency */,
			);
			name = "Monolith OSX";
			productName = Monolith;
			productReference = 4586159419F17C4B007408AF /* Monolith.framework */;
			productType = "com.apple.product-type.framework";
		};
		45AFAD2919F3DE2300EC17DC /* Monolith iOS */ = {
			isa = PBXNativeTarget;
			buildConfigurationList = 45AFAD3D19F3DE2300EC17DC /* Build configuration list for PBXNativeTarget "Monolith iOS" */;
			buildPhases = (
				45AFAD2519F3DE2300EC17DC /* Sources */,
				45AFAD2619F3DE2300EC17DC /* Frameworks */,
				45AFAD2719F3DE2300EC17DC /* Headers */,
				45AFAD2819F3DE2300EC17DC /* Resources */,
			);
			buildRules = (
			);
			dependencies = (
				450942FF19FAC7FD00E4C7BD /* PBXTargetDependency */,
			);
			name = "Monolith iOS";
			productName = "Monolith iOS";
			productReference = 45AFAD2A19F3DE2300EC17DC /* Monolith.framework */;
			productType = "com.apple.product-type.framework";
		};
/* End PBXNativeTarget section */

/* Begin PBXProject section */
		4586156119F17B86007408AF /* Project object */ = {
			isa = PBXProject;
			attributes = {
				LastUpgradeCheck = 0610;
				TargetAttributes = {
					4568300919F3012A0085CBC5 = {
						CreatedOnToolsVersion = 6.1;
					};
					4568306C19F302DF0085CBC5 = {
						CreatedOnToolsVersion = 6.1;
					};
					4586159319F17C4B007408AF = {
						CreatedOnToolsVersion = 6.1;
					};
					45AFAD2919F3DE2300EC17DC = {
						CreatedOnToolsVersion = 6.1;
					};
				};
			};
			buildConfigurationList = 4586156419F17B86007408AF /* Build configuration list for PBXProject "Monolith" */;
			compatibilityVersion = "Xcode 3.2";
			developmentRegion = English;
			hasScannedForEncodings = 0;
			knownRegions = (
				en,
				Base,
			);
			mainGroup = 4586156019F17B86007408AF;
			productRefGroup = 4586159519F17C4B007408AF /* Products */;
			projectDirPath = "";
			projectReferences = (
				{
					ProductGroup = 450942EE19FAC7DE00E4C7BD /* Products */;
					ProjectRef = 450942ED19FAC7DE00E4C7BD /* Text.xcodeproj */;
				},
			);
			projectRoot = "";
			targets = (
				4586159319F17C4B007408AF /* Monolith OSX */,
				4568300919F3012A0085CBC5 /* Monolith OSX Test */,
				45AFAD2919F3DE2300EC17DC /* Monolith iOS */,
				4568306C19F302DF0085CBC5 /* Monolith iOS Test */,
			);
		};
/* End PBXProject section */

/* Begin PBXReferenceProxy section */
		450942F419FAC7DE00E4C7BD /* EonilText.framework */ = {
			isa = PBXReferenceProxy;
			fileType = wrapper.framework;
			path = EonilText.framework;
			remoteRef = 450942F319FAC7DE00E4C7BD /* PBXContainerItemProxy */;
			sourceTree = BUILT_PRODUCTS_DIR;
		};
		450942F619FAC7DE00E4C7BD /* EonilText.framework */ = {
			isa = PBXReferenceProxy;
			fileType = wrapper.framework;
			path = EonilText.framework;
			remoteRef = 450942F519FAC7DE00E4C7BD /* PBXContainerItemProxy */;
			sourceTree = BUILT_PRODUCTS_DIR;
		};
		450942F819FAC7DE00E4C7BD /* EonilTextTest */ = {
			isa = PBXReferenceProxy;
			fileType = "compiled.mach-o.executable";
			path = EonilTextTest;
			remoteRef = 450942F719FAC7DE00E4C7BD /* PBXContainerItemProxy */;
			sourceTree = BUILT_PRODUCTS_DIR;
		};
/* End PBXReferenceProxy section */

/* Begin PBXResourcesBuildPhase section */
		4568306B19F302DF0085CBC5 /* Resources */ = {
			isa = PBXResourcesBuildPhase;
			buildActionMask = 2147483647;
			files = (
				4568307719F302DF0085CBC5 /* Main.storyboard in Resources */,
				4568307C19F302DF0085CBC5 /* LaunchScreen.xib in Resources */,
				4568307919F302DF0085CBC5 /* Images.xcassets in Resources */,
			);
			runOnlyForDeploymentPostprocessing = 0;
		};
		4586159219F17C4B007408AF /* Resources */ = {
			isa = PBXResourcesBuildPhase;
			buildActionMask = 2147483647;
			files = (
			);
			runOnlyForDeploymentPostprocessing = 0;
		};
		45AFAD2819F3DE2300EC17DC /* Resources */ = {
			isa = PBXResourcesBuildPhase;
			buildActionMask = 2147483647;
			files = (
			);
			runOnlyForDeploymentPostprocessing = 0;
		};
/* End PBXResourcesBuildPhase section */

/* Begin PBXSourcesBuildPhase section */
		4568300619F3012A0085CBC5 /* Sources */ = {
			isa = PBXSourcesBuildPhase;
			buildActionMask = 2147483647;
			files = (
				454052D319F5783300B6A408 /* HTTP.swift in Sources */,
				457934C219F54038001C12F6 /* RFC4627.swift in Sources */,
				454052E019F5787A00B6A408 /* RFC4627.Extensions.swift in Sources */,
				45B24B0B19F43643001D3E18 /* RFC1808.swift in Sources */,
				45AFAD4F19F3DE4D00EC17DC /* Standard.swift in Sources */,
				45BAF50419F58A9F001F6894 /* RFC1808+RFC4627.swift in Sources */,
				45AFAD5119F3DE4D00EC17DC /* Operators.swift in Sources */,
				454052E519F5789200B6A408 /* RFC4627.Operators.swift in Sources */,
				4524474019F5821C00B47EC4 /* Error.swift in Sources */,
				45AFAD4E19F3DE4D00EC17DC /* System.swift in Sources */,
				454052DB19F5785600B6A408 /* URL.swift in Sources */,
				45AFAD4C19F3DE4D00EC17DC /* System.Time.swift in Sources */,
				454052CC19F577F300B6A408 /* RFC4627.Unused.swift in Sources */,
				45AFAD4D19F3DE4D00EC17DC /* RFC3339.swift in Sources */,
				45B24B2419F43B6A001D3E18 /* OBJCLevelFeatures.m in Sources */,
				4568300D19F3012A0085CBC5 /* main.swift in Sources */,
				45AFAD4B19F3DE4D00EC17DC /* Monolith.swift in Sources */,
				45B24AFF19F42FAD001D3E18 /* RFC2616.swift in Sources */,
				45AFAD5019F3DE4D00EC17DC /* xISO8601.swift in Sources */,
				454052D819F5783700B6A408 /* JSON.swift in Sources */,
				450942E919FAC72C00E4C7BD /* Tests.swift in Sources */,
			);
			runOnlyForDeploymentPostprocessing = 0;
		};
		4568306919F302DF0085CBC5 /* Sources */ = {
			isa = PBXSourcesBuildPhase;
			buildActionMask = 2147483647;
			files = (
				454052CE19F577F400B6A408 /* RFC4627.Unused.swift in Sources */,
				4568308F19F3033D0085CBC5 /* Monolith.swift in Sources */,
				45B24B0D19F43644001D3E18 /* RFC1808.swift in Sources */,
				4568309019F3033D0085CBC5 /* System.swift in Sources */,
				4568309119F3033D0085CBC5 /* Operators.swift in Sources */,
				454052D519F5783300B6A408 /* HTTP.swift in Sources */,
				4568309219F3033D0085CBC5 /* Standard.swift in Sources */,
				4568309319F3033D0085CBC5 /* RFC3339.swift in Sources */,
				457934C319F54038001C12F6 /* RFC4627.swift in Sources */,
				4568309419F3033D0085CBC5 /* xISO8601.swift in Sources */,
				45B24B0819F42FAE001D3E18 /* RFC2616.swift in Sources */,
				45BAF50519F58A9F001F6894 /* RFC1808+RFC4627.swift in Sources */,
				454052DD19F5785600B6A408 /* URL.swift in Sources */,
				45AFAD5219F3DE4E00EC17DC /* System.Time.swift in Sources */,
				4568307419F302DF0085CBC5 /* ViewController.swift in Sources */,
				454052D619F5783600B6A408 /* JSON.swift in Sources */,
				454052E219F5787A00B6A408 /* RFC4627.Extensions.swift in Sources */,
				454052E719F5789200B6A408 /* RFC4627.Operators.swift in Sources */,
				45B24B2619F43B6A001D3E18 /* OBJCLevelFeatures.m in Sources */,
				4524474219F5821C00B47EC4 /* Error.swift in Sources */,
				450942EB19FAC72C00E4C7BD /* Tests.swift in Sources */,
				4568307219F302DF0085CBC5 /* AppDelegate.swift in Sources */,
			);
			runOnlyForDeploymentPostprocessing = 0;
		};
		4586158F19F17C4B007408AF /* Sources */ = {
			isa = PBXSourcesBuildPhase;
			buildActionMask = 2147483647;
			files = (
				454052D219F5783300B6A408 /* HTTP.swift in Sources */,
				458615D219F17DAD007408AF /* Monolith.swift in Sources */,
				454052D019F5780900B6A408 /* JSON.swift in Sources */,
				45942F0819F3B86B008EB820 /* System.Time.swift in Sources */,
				45B24B0A19F4326F001D3E18 /* RFC1808.swift in Sources */,
				45BAF50219F5895F001F6894 /* RFC1808+RFC4627.swift in Sources */,
				454052DF19F5787A00B6A408 /* RFC4627.Extensions.swift in Sources */,
				450942E819FAC72C00E4C7BD /* Tests.swift in Sources */,
				454052C619F5752900B6A408 /* RFC4627.Unused.swift in Sources */,
				454052DA19F5785600B6A408 /* URL.swift in Sources */,
				454052E419F5789200B6A408 /* RFC4627.Operators.swift in Sources */,
				454EE88B19F52F22009EF039 /* RFC4627.swift in Sources */,
				45389DEF19F42B0D0045A4C4 /* RFC2616.swift in Sources */,
				450440F119F2C419006DC05C /* RFC3339.swift in Sources */,
				45B24B2319F43B6A001D3E18 /* OBJCLevelFeatures.m in Sources */,
				4584D83B19F192090093E2B1 /* System.swift in Sources */,
				4504412219F2C49A006DC05C /* Standard.swift in Sources */,
				4584D83E19F192960093E2B1 /* xISO8601.swift in Sources */,
				4586160C19F17EF5007408AF /* Operators.swift in Sources */,
				4524473F19F5821C00B47EC4 /* Error.swift in Sources */,
			);
			runOnlyForDeploymentPostprocessing = 0;
		};
		45AFAD2519F3DE2300EC17DC /* Sources */ = {
			isa = PBXSourcesBuildPhase;
			buildActionMask = 2147483647;
			files = (
				457934BE19F54037001C12F6 /* RFC4627.swift in Sources */,
				45BAF50319F58A9F001F6894 /* RFC1808+RFC4627.swift in Sources */,
				45AFAD4619F3DE4800EC17DC /* System.swift in Sources */,
				45AFAD4819F3DE4800EC17DC /* xISO8601.swift in Sources */,
				45B24B0C19F43644001D3E18 /* RFC1808.swift in Sources */,
				45B24B0719F42FAE001D3E18 /* RFC2616.swift in Sources */,
				454052E119F5787A00B6A408 /* RFC4627.Extensions.swift in Sources */,
				450942EA19FAC72C00E4C7BD /* Tests.swift in Sources */,
				454052D719F5783600B6A408 /* JSON.swift in Sources */,
				454052DC19F5785600B6A408 /* URL.swift in Sources */,
				454052E619F5789200B6A408 /* RFC4627.Operators.swift in Sources */,
				45AFAD4919F3DE4800EC17DC /* Operators.swift in Sources */,
				45B24B2519F43B6A001D3E18 /* OBJCLevelFeatures.m in Sources */,
				45AFAD4719F3DE4800EC17DC /* Standard.swift in Sources */,
				454052D419F5783300B6A408 /* HTTP.swift in Sources */,
				45AFAD4419F3DE4800EC17DC /* System.Time.swift in Sources */,
				45AFAD4519F3DE4800EC17DC /* RFC3339.swift in Sources */,
				45AFAD4319F3DE4800EC17DC /* Monolith.swift in Sources */,
				454052CD19F577F300B6A408 /* RFC4627.Unused.swift in Sources */,
				4524474119F5821C00B47EC4 /* Error.swift in Sources */,
			);
			runOnlyForDeploymentPostprocessing = 0;
		};
/* End PBXSourcesBuildPhase section */

/* Begin PBXTargetDependency section */
		450942FD19FAC7F900E4C7BD /* PBXTargetDependency */ = {
			isa = PBXTargetDependency;
			name = "Text OSX";
			targetProxy = 450942FC19FAC7F900E4C7BD /* PBXContainerItemProxy */;
		};
		450942FF19FAC7FD00E4C7BD /* PBXTargetDependency */ = {
			isa = PBXTargetDependency;
			name = "Text iOS";
			targetProxy = 450942FE19FAC7FD00E4C7BD /* PBXContainerItemProxy */;
		};
		4509430219FAC80400E4C7BD /* PBXTargetDependency */ = {
			isa = PBXTargetDependency;
			name = "Text iOS";
			targetProxy = 4509430119FAC80400E4C7BD /* PBXContainerItemProxy */;
		};
		4509430419FAC80900E4C7BD /* PBXTargetDependency */ = {
			isa = PBXTargetDependency;
			name = "Text OSX";
			targetProxy = 4509430319FAC80900E4C7BD /* PBXContainerItemProxy */;
		};
/* End PBXTargetDependency section */

/* Begin PBXVariantGroup section */
		4568307519F302DF0085CBC5 /* Main.storyboard */ = {
			isa = PBXVariantGroup;
			children = (
				4568307619F302DF0085CBC5 /* Base */,
			);
			name = Main.storyboard;
			sourceTree = "<group>";
		};
		4568307A19F302DF0085CBC5 /* LaunchScreen.xib */ = {
			isa = PBXVariantGroup;
			children = (
				4568307B19F302DF0085CBC5 /* Base */,
			);
			name = LaunchScreen.xib;
			sourceTree = "<group>";
		};
/* End PBXVariantGroup section */

/* Begin XCBuildConfiguration section */
		4568300F19F3012A0085CBC5 /* Debug */ = {
			isa = XCBuildConfiguration;
			buildSettings = {
				ALWAYS_SEARCH_USER_PATHS = NO;
				CLANG_CXX_LANGUAGE_STANDARD = "gnu++0x";
				CLANG_CXX_LIBRARY = "libc++";
				CLANG_ENABLE_MODULES = YES;
				CLANG_ENABLE_OBJC_ARC = YES;
				CLANG_WARN_BOOL_CONVERSION = YES;
				CLANG_WARN_CONSTANT_CONVERSION = YES;
				CLANG_WARN_DIRECT_OBJC_ISA_USAGE = YES_ERROR;
				CLANG_WARN_EMPTY_BODY = YES;
				CLANG_WARN_ENUM_CONVERSION = YES;
				CLANG_WARN_INT_CONVERSION = YES;
				CLANG_WARN_OBJC_ROOT_CLASS = YES_ERROR;
				CLANG_WARN_UNREACHABLE_CODE = YES;
				CLANG_WARN__DUPLICATE_METHOD_MATCH = YES;
				COPY_PHASE_STRIP = NO;
				ENABLE_STRICT_OBJC_MSGSEND = YES;
				GCC_C_LANGUAGE_STANDARD = gnu99;
				GCC_DYNAMIC_NO_PIC = NO;
				GCC_OPTIMIZATION_LEVEL = 0;
				GCC_PREPROCESSOR_DEFINITIONS = (
					"DEBUG=1",
					"$(inherited)",
				);
				GCC_SYMBOLS_PRIVATE_EXTERN = NO;
				GCC_WARN_64_TO_32_BIT_CONVERSION = YES;
				GCC_WARN_ABOUT_RETURN_TYPE = YES_ERROR;
				GCC_WARN_UNDECLARED_SELECTOR = YES;
				GCC_WARN_UNINITIALIZED_AUTOS = YES_AGGRESSIVE;
				GCC_WARN_UNUSED_FUNCTION = YES;
				GCC_WARN_UNUSED_VARIABLE = YES;
				LD_RUNPATH_SEARCH_PATHS = "$(inherited) @executable_path/../Frameworks @loader_path/../Frameworks";
				MACOSX_DEPLOYMENT_TARGET = 10.10;
				MTL_ENABLE_DEBUG_INFO = YES;
				ONLY_ACTIVE_ARCH = YES;
				PRODUCT_NAME = "$(TARGET_NAME)";
				SDKROOT = macosx;
				SWIFT_OPTIMIZATION_LEVEL = "-Onone";
			};
			name = Debug;
		};
		4568301019F3012A0085CBC5 /* Release */ = {
			isa = XCBuildConfiguration;
			buildSettings = {
				ALWAYS_SEARCH_USER_PATHS = NO;
				CLANG_CXX_LANGUAGE_STANDARD = "gnu++0x";
				CLANG_CXX_LIBRARY = "libc++";
				CLANG_ENABLE_MODULES = YES;
				CLANG_ENABLE_OBJC_ARC = YES;
				CLANG_WARN_BOOL_CONVERSION = YES;
				CLANG_WARN_CONSTANT_CONVERSION = YES;
				CLANG_WARN_DIRECT_OBJC_ISA_USAGE = YES_ERROR;
				CLANG_WARN_EMPTY_BODY = YES;
				CLANG_WARN_ENUM_CONVERSION = YES;
				CLANG_WARN_INT_CONVERSION = YES;
				CLANG_WARN_OBJC_ROOT_CLASS = YES_ERROR;
				CLANG_WARN_UNREACHABLE_CODE = YES;
				CLANG_WARN__DUPLICATE_METHOD_MATCH = YES;
				COPY_PHASE_STRIP = YES;
				DEBUG_INFORMATION_FORMAT = "dwarf-with-dsym";
				ENABLE_NS_ASSERTIONS = NO;
				ENABLE_STRICT_OBJC_MSGSEND = YES;
				GCC_C_LANGUAGE_STANDARD = gnu99;
				GCC_WARN_64_TO_32_BIT_CONVERSION = YES;
				GCC_WARN_ABOUT_RETURN_TYPE = YES_ERROR;
				GCC_WARN_UNDECLARED_SELECTOR = YES;
				GCC_WARN_UNINITIALIZED_AUTOS = YES_AGGRESSIVE;
				GCC_WARN_UNUSED_FUNCTION = YES;
				GCC_WARN_UNUSED_VARIABLE = YES;
				LD_RUNPATH_SEARCH_PATHS = "$(inherited) @executable_path/../Frameworks @loader_path/../Frameworks";
				MACOSX_DEPLOYMENT_TARGET = 10.10;
				MTL_ENABLE_DEBUG_INFO = NO;
				PRODUCT_NAME = "$(TARGET_NAME)";
				SDKROOT = macosx;
			};
			name = Release;
		};
		4568308A19F302DF0085CBC5 /* Debug */ = {
			isa = XCBuildConfiguration;
			buildSettings = {
				ALWAYS_SEARCH_USER_PATHS = NO;
				ASSETCATALOG_COMPILER_APPICON_NAME = AppIcon;
				CLANG_CXX_LANGUAGE_STANDARD = "gnu++0x";
				CLANG_CXX_LIBRARY = "libc++";
				CLANG_ENABLE_MODULES = YES;
				CLANG_ENABLE_OBJC_ARC = YES;
				CLANG_WARN_BOOL_CONVERSION = YES;
				CLANG_WARN_CONSTANT_CONVERSION = YES;
				CLANG_WARN_DIRECT_OBJC_ISA_USAGE = YES_ERROR;
				CLANG_WARN_EMPTY_BODY = YES;
				CLANG_WARN_ENUM_CONVERSION = YES;
				CLANG_WARN_INT_CONVERSION = YES;
				CLANG_WARN_OBJC_ROOT_CLASS = YES_ERROR;
				CLANG_WARN_UNREACHABLE_CODE = YES;
				CLANG_WARN__DUPLICATE_METHOD_MATCH = YES;
				"CODE_SIGN_IDENTITY[sdk=iphoneos*]" = "iPhone Developer";
				COPY_PHASE_STRIP = NO;
				ENABLE_STRICT_OBJC_MSGSEND = YES;
				GCC_C_LANGUAGE_STANDARD = gnu99;
				GCC_DYNAMIC_NO_PIC = NO;
				GCC_OPTIMIZATION_LEVEL = 0;
				GCC_PREPROCESSOR_DEFINITIONS = (
					"DEBUG=1",
					"$(inherited)",
				);
				GCC_SYMBOLS_PRIVATE_EXTERN = NO;
				GCC_WARN_64_TO_32_BIT_CONVERSION = YES;
				GCC_WARN_ABOUT_RETURN_TYPE = YES_ERROR;
				GCC_WARN_UNDECLARED_SELECTOR = YES;
				GCC_WARN_UNINITIALIZED_AUTOS = YES_AGGRESSIVE;
				GCC_WARN_UNUSED_FUNCTION = YES;
				GCC_WARN_UNUSED_VARIABLE = YES;
				INFOPLIST_FILE = "Monolith iOS Test/Info.plist";
				IPHONEOS_DEPLOYMENT_TARGET = 8.1;
				LD_RUNPATH_SEARCH_PATHS = "$(inherited) @executable_path/Frameworks";
				MTL_ENABLE_DEBUG_INFO = YES;
				ONLY_ACTIVE_ARCH = YES;
				PRODUCT_NAME = "$(TARGET_NAME)";
				SDKROOT = iphoneos;
				SWIFT_OPTIMIZATION_LEVEL = "-Onone";
				TARGETED_DEVICE_FAMILY = "1,2";
			};
			name = Debug;
		};
		4568308B19F302DF0085CBC5 /* Release */ = {
			isa = XCBuildConfiguration;
			buildSettings = {
				ALWAYS_SEARCH_USER_PATHS = NO;
				ASSETCATALOG_COMPILER_APPICON_NAME = AppIcon;
				CLANG_CXX_LANGUAGE_STANDARD = "gnu++0x";
				CLANG_CXX_LIBRARY = "libc++";
				CLANG_ENABLE_MODULES = YES;
				CLANG_ENABLE_OBJC_ARC = YES;
				CLANG_WARN_BOOL_CONVERSION = YES;
				CLANG_WARN_CONSTANT_CONVERSION = YES;
				CLANG_WARN_DIRECT_OBJC_ISA_USAGE = YES_ERROR;
				CLANG_WARN_EMPTY_BODY = YES;
				CLANG_WARN_ENUM_CONVERSION = YES;
				CLANG_WARN_INT_CONVERSION = YES;
				CLANG_WARN_OBJC_ROOT_CLASS = YES_ERROR;
				CLANG_WARN_UNREACHABLE_CODE = YES;
				CLANG_WARN__DUPLICATE_METHOD_MATCH = YES;
				"CODE_SIGN_IDENTITY[sdk=iphoneos*]" = "iPhone Developer";
				COPY_PHASE_STRIP = YES;
				ENABLE_NS_ASSERTIONS = NO;
				ENABLE_STRICT_OBJC_MSGSEND = YES;
				GCC_C_LANGUAGE_STANDARD = gnu99;
				GCC_WARN_64_TO_32_BIT_CONVERSION = YES;
				GCC_WARN_ABOUT_RETURN_TYPE = YES_ERROR;
				GCC_WARN_UNDECLARED_SELECTOR = YES;
				GCC_WARN_UNINITIALIZED_AUTOS = YES_AGGRESSIVE;
				GCC_WARN_UNUSED_FUNCTION = YES;
				GCC_WARN_UNUSED_VARIABLE = YES;
				INFOPLIST_FILE = "Monolith iOS Test/Info.plist";
				IPHONEOS_DEPLOYMENT_TARGET = 8.1;
				LD_RUNPATH_SEARCH_PATHS = "$(inherited) @executable_path/Frameworks";
				MTL_ENABLE_DEBUG_INFO = NO;
				PRODUCT_NAME = "$(TARGET_NAME)";
				SDKROOT = iphoneos;
				TARGETED_DEVICE_FAMILY = "1,2";
				VALIDATE_PRODUCT = YES;
			};
			name = Release;
		};
		4586156519F17B86007408AF /* Debug */ = {
			isa = XCBuildConfiguration;
			buildSettings = {
				ALWAYS_SEARCH_USER_PATHS = NO;
				LD_RUNPATH_SEARCH_PATHS = "$(inherited) @executable_path/../Frameworks @loader_path/Frameworks";
				PRODUCT_NAME = "$(PROJECT_NAME)";
				SWIFT_OBJC_BRIDGING_HEADER = "Sources/Bridging/Monolith-Bridging-Header.h";
			};
			name = Debug;
		};
		4586156619F17B86007408AF /* Release */ = {
			isa = XCBuildConfiguration;
			buildSettings = {
				ALWAYS_SEARCH_USER_PATHS = NO;
				LD_RUNPATH_SEARCH_PATHS = "$(inherited) @executable_path/../Frameworks @loader_path/Frameworks";
				PRODUCT_NAME = "$(PROJECT_NAME)";
				SWIFT_OBJC_BRIDGING_HEADER = "Sources/Bridging/Monolith-Bridging-Header.h";
			};
			name = Release;
		};
		458615A919F17C4B007408AF /* Debug */ = {
			isa = XCBuildConfiguration;
			buildSettings = {
				CLANG_CXX_LANGUAGE_STANDARD = "gnu++0x";
				CLANG_CXX_LIBRARY = "libc++";
				CLANG_ENABLE_MODULES = YES;
				CLANG_ENABLE_OBJC_ARC = YES;
				CLANG_WARN_BOOL_CONVERSION = YES;
				CLANG_WARN_CONSTANT_CONVERSION = YES;
				CLANG_WARN_DIRECT_OBJC_ISA_USAGE = YES_ERROR;
				CLANG_WARN_EMPTY_BODY = YES;
				CLANG_WARN_ENUM_CONVERSION = YES;
				CLANG_WARN_INT_CONVERSION = YES;
				CLANG_WARN_OBJC_ROOT_CLASS = YES_ERROR;
				CLANG_WARN_UNREACHABLE_CODE = YES;
				CLANG_WARN__DUPLICATE_METHOD_MATCH = YES;
				COMBINE_HIDPI_IMAGES = YES;
				COPY_PHASE_STRIP = NO;
				CURRENT_PROJECT_VERSION = 1;
				DEFINES_MODULE = YES;
				DYLIB_COMPATIBILITY_VERSION = 1;
				DYLIB_CURRENT_VERSION = 1;
				DYLIB_INSTALL_NAME_BASE = "@rpath";
				ENABLE_STRICT_OBJC_MSGSEND = YES;
				FRAMEWORK_VERSION = A;
				GCC_C_LANGUAGE_STANDARD = gnu99;
				GCC_DYNAMIC_NO_PIC = NO;
				GCC_OPTIMIZATION_LEVEL = 0;
				GCC_PREPROCESSOR_DEFINITIONS = (
					"DEBUG=1",
					"$(inherited)",
				);
				GCC_SYMBOLS_PRIVATE_EXTERN = NO;
				GCC_WARN_64_TO_32_BIT_CONVERSION = YES;
				GCC_WARN_ABOUT_RETURN_TYPE = YES_ERROR;
				GCC_WARN_UNDECLARED_SELECTOR = YES;
				GCC_WARN_UNINITIALIZED_AUTOS = YES_AGGRESSIVE;
				GCC_WARN_UNUSED_FUNCTION = YES;
				GCC_WARN_UNUSED_VARIABLE = YES;
				INFOPLIST_FILE = Targets/OSX/Info.plist;
				INSTALL_PATH = "$(LOCAL_LIBRARY_DIR)/Frameworks";
				LD_RUNPATH_SEARCH_PATHS = "$(inherited) @executable_path/../Frameworks @loader_path/Frameworks";
				MACOSX_DEPLOYMENT_TARGET = 10.10;
				MTL_ENABLE_DEBUG_INFO = YES;
				ONLY_ACTIVE_ARCH = YES;
				SDKROOT = macosx;
				SKIP_INSTALL = YES;
				SWIFT_OPTIMIZATION_LEVEL = "-Onone";
				VERSIONING_SYSTEM = "apple-generic";
				VERSION_INFO_PREFIX = "";
			};
			name = Debug;
		};
		458615AA19F17C4B007408AF /* Release */ = {
			isa = XCBuildConfiguration;
			buildSettings = {
				CLANG_CXX_LANGUAGE_STANDARD = "gnu++0x";
				CLANG_CXX_LIBRARY = "libc++";
				CLANG_ENABLE_MODULES = YES;
				CLANG_ENABLE_OBJC_ARC = YES;
				CLANG_WARN_BOOL_CONVERSION = YES;
				CLANG_WARN_CONSTANT_CONVERSION = YES;
				CLANG_WARN_DIRECT_OBJC_ISA_USAGE = YES_ERROR;
				CLANG_WARN_EMPTY_BODY = YES;
				CLANG_WARN_ENUM_CONVERSION = YES;
				CLANG_WARN_INT_CONVERSION = YES;
				CLANG_WARN_OBJC_ROOT_CLASS = YES_ERROR;
				CLANG_WARN_UNREACHABLE_CODE = YES;
				CLANG_WARN__DUPLICATE_METHOD_MATCH = YES;
				COMBINE_HIDPI_IMAGES = YES;
				COPY_PHASE_STRIP = YES;
				CURRENT_PROJECT_VERSION = 1;
				DEBUG_INFORMATION_FORMAT = "dwarf-with-dsym";
				DEFINES_MODULE = YES;
				DYLIB_COMPATIBILITY_VERSION = 1;
				DYLIB_CURRENT_VERSION = 1;
				DYLIB_INSTALL_NAME_BASE = "@rpath";
				ENABLE_NS_ASSERTIONS = NO;
				ENABLE_STRICT_OBJC_MSGSEND = YES;
				FRAMEWORK_VERSION = A;
				GCC_C_LANGUAGE_STANDARD = gnu99;
				GCC_WARN_64_TO_32_BIT_CONVERSION = YES;
				GCC_WARN_ABOUT_RETURN_TYPE = YES_ERROR;
				GCC_WARN_UNDECLARED_SELECTOR = YES;
				GCC_WARN_UNINITIALIZED_AUTOS = YES_AGGRESSIVE;
				GCC_WARN_UNUSED_FUNCTION = YES;
				GCC_WARN_UNUSED_VARIABLE = YES;
				INFOPLIST_FILE = Targets/OSX/Info.plist;
				INSTALL_PATH = "$(LOCAL_LIBRARY_DIR)/Frameworks";
				LD_RUNPATH_SEARCH_PATHS = "$(inherited) @executable_path/../Frameworks @loader_path/Frameworks";
				MACOSX_DEPLOYMENT_TARGET = 10.10;
				MTL_ENABLE_DEBUG_INFO = NO;
				SDKROOT = macosx;
				SKIP_INSTALL = YES;
				VERSIONING_SYSTEM = "apple-generic";
				VERSION_INFO_PREFIX = "";
			};
			name = Release;
		};
		45AFAD3E19F3DE2300EC17DC /* Debug */ = {
			isa = XCBuildConfiguration;
			buildSettings = {
				CLANG_CXX_LANGUAGE_STANDARD = "gnu++0x";
				CLANG_CXX_LIBRARY = "libc++";
				CLANG_ENABLE_MODULES = YES;
				CLANG_ENABLE_OBJC_ARC = YES;
				CLANG_WARN_BOOL_CONVERSION = YES;
				CLANG_WARN_CONSTANT_CONVERSION = YES;
				CLANG_WARN_DIRECT_OBJC_ISA_USAGE = YES_ERROR;
				CLANG_WARN_EMPTY_BODY = YES;
				CLANG_WARN_ENUM_CONVERSION = YES;
				CLANG_WARN_INT_CONVERSION = YES;
				CLANG_WARN_OBJC_ROOT_CLASS = YES_ERROR;
				CLANG_WARN_UNREACHABLE_CODE = YES;
				CLANG_WARN__DUPLICATE_METHOD_MATCH = YES;
				"CODE_SIGN_IDENTITY[sdk=iphoneos*]" = "iPhone Developer";
				COPY_PHASE_STRIP = NO;
				CURRENT_PROJECT_VERSION = 1;
				DEFINES_MODULE = YES;
				DYLIB_COMPATIBILITY_VERSION = 1;
				DYLIB_CURRENT_VERSION = 1;
				DYLIB_INSTALL_NAME_BASE = "@rpath";
				ENABLE_STRICT_OBJC_MSGSEND = YES;
				GCC_C_LANGUAGE_STANDARD = gnu99;
				GCC_DYNAMIC_NO_PIC = NO;
				GCC_OPTIMIZATION_LEVEL = 0;
				GCC_PREPROCESSOR_DEFINITIONS = (
					"DEBUG=1",
					"$(inherited)",
				);
				GCC_SYMBOLS_PRIVATE_EXTERN = NO;
				GCC_WARN_64_TO_32_BIT_CONVERSION = YES;
				GCC_WARN_ABOUT_RETURN_TYPE = YES_ERROR;
				GCC_WARN_UNDECLARED_SELECTOR = YES;
				GCC_WARN_UNINITIALIZED_AUTOS = YES_AGGRESSIVE;
				GCC_WARN_UNUSED_FUNCTION = YES;
				GCC_WARN_UNUSED_VARIABLE = YES;
				INFOPLIST_FILE = Targets/iOS/Info.plist;
				INSTALL_PATH = "$(LOCAL_LIBRARY_DIR)/Frameworks";
				IPHONEOS_DEPLOYMENT_TARGET = 8.1;
				LD_RUNPATH_SEARCH_PATHS = "$(inherited) @executable_path/Frameworks @loader_path/Frameworks";
				MTL_ENABLE_DEBUG_INFO = YES;
				ONLY_ACTIVE_ARCH = YES;
				SDKROOT = iphoneos;
				SKIP_INSTALL = YES;
				SWIFT_OPTIMIZATION_LEVEL = "-Onone";
				TARGETED_DEVICE_FAMILY = "1,2";
				VERSIONING_SYSTEM = "apple-generic";
				VERSION_INFO_PREFIX = "";
			};
			name = Debug;
		};
		45AFAD3F19F3DE2300EC17DC /* Release */ = {
			isa = XCBuildConfiguration;
			buildSettings = {
				CLANG_CXX_LANGUAGE_STANDARD = "gnu++0x";
				CLANG_CXX_LIBRARY = "libc++";
				CLANG_ENABLE_MODULES = YES;
				CLANG_ENABLE_OBJC_ARC = YES;
				CLANG_WARN_BOOL_CONVERSION = YES;
				CLANG_WARN_CONSTANT_CONVERSION = YES;
				CLANG_WARN_DIRECT_OBJC_ISA_USAGE = YES_ERROR;
				CLANG_WARN_EMPTY_BODY = YES;
				CLANG_WARN_ENUM_CONVERSION = YES;
				CLANG_WARN_INT_CONVERSION = YES;
				CLANG_WARN_OBJC_ROOT_CLASS = YES_ERROR;
				CLANG_WARN_UNREACHABLE_CODE = YES;
				CLANG_WARN__DUPLICATE_METHOD_MATCH = YES;
				"CODE_SIGN_IDENTITY[sdk=iphoneos*]" = "iPhone Developer";
				COPY_PHASE_STRIP = YES;
				CURRENT_PROJECT_VERSION = 1;
				DEFINES_MODULE = YES;
				DYLIB_COMPATIBILITY_VERSION = 1;
				DYLIB_CURRENT_VERSION = 1;
				DYLIB_INSTALL_NAME_BASE = "@rpath";
				ENABLE_NS_ASSERTIONS = NO;
				ENABLE_STRICT_OBJC_MSGSEND = YES;
				GCC_C_LANGUAGE_STANDARD = gnu99;
				GCC_WARN_64_TO_32_BIT_CONVERSION = YES;
				GCC_WARN_ABOUT_RETURN_TYPE = YES_ERROR;
				GCC_WARN_UNDECLARED_SELECTOR = YES;
				GCC_WARN_UNINITIALIZED_AUTOS = YES_AGGRESSIVE;
				GCC_WARN_UNUSED_FUNCTION = YES;
				GCC_WARN_UNUSED_VARIABLE = YES;
				INFOPLIST_FILE = Targets/iOS/Info.plist;
				INSTALL_PATH = "$(LOCAL_LIBRARY_DIR)/Frameworks";
				IPHONEOS_DEPLOYMENT_TARGET = 8.1;
				LD_RUNPATH_SEARCH_PATHS = "$(inherited) @executable_path/Frameworks @loader_path/Frameworks";
				MTL_ENABLE_DEBUG_INFO = NO;
				SDKROOT = iphoneos;
				SKIP_INSTALL = YES;
				TARGETED_DEVICE_FAMILY = "1,2";
				VALIDATE_PRODUCT = YES;
				VERSIONING_SYSTEM = "apple-generic";
				VERSION_INFO_PREFIX = "";
			};
			name = Release;
		};
/* End XCBuildConfiguration section */

/* Begin XCConfigurationList section */
		4568300E19F3012A0085CBC5 /* Build configuration list for PBXNativeTarget "Monolith OSX Test" */ = {
			isa = XCConfigurationList;
			buildConfigurations = (
				4568300F19F3012A0085CBC5 /* Debug */,
				4568301019F3012A0085CBC5 /* Release */,
			);
			defaultConfigurationIsVisible = 0;
			defaultConfigurationName = Release;
		};
		4568308919F302DF0085CBC5 /* Build configuration list for PBXNativeTarget "Monolith iOS Test" */ = {
			isa = XCConfigurationList;
			buildConfigurations = (
				4568308A19F302DF0085CBC5 /* Debug */,
				4568308B19F302DF0085CBC5 /* Release */,
			);
			defaultConfigurationIsVisible = 0;
			defaultConfigurationName = Release;
		};
		4586156419F17B86007408AF /* Build configuration list for PBXProject "Monolith" */ = {
			isa = XCConfigurationList;
			buildConfigurations = (
				4586156519F17B86007408AF /* Debug */,
				4586156619F17B86007408AF /* Release */,
			);
			defaultConfigurationIsVisible = 0;
			defaultConfigurationName = Release;
		};
		458615A819F17C4B007408AF /* Build configuration list for PBXNativeTarget "Monolith OSX" */ = {
			isa = XCConfigurationList;
			buildConfigurations = (
				458615A919F17C4B007408AF /* Debug */,
				458615AA19F17C4B007408AF /* Release */,
			);
			defaultConfigurationIsVisible = 0;
			defaultConfigurationName = Release;
		};
		45AFAD3D19F3DE2300EC17DC /* Build configuration list for PBXNativeTarget "Monolith iOS" */ = {
			isa = XCConfigurationList;
			buildConfigurations = (
				45AFAD3E19F3DE2300EC17DC /* Debug */,
				45AFAD3F19F3DE2300EC17DC /* Release */,
			);
			defaultConfigurationIsVisible = 0;
			defaultConfigurationName = Release;
		};
/* End XCConfigurationList section */
	};
	rootObject = 4586156119F17B86007408AF /* Project object */;
}
