// !$*UTF8*$!
{
	archiveVersion = 1;
	classes = {
	};
	objectVersion = 46;
	objects = {

/* Begin PBXBuildFile section */
		451EB74719F233B60035601A /* EonilParsingEngine.framework in Frameworks */ = {isa = PBXBuildFile; fileRef = 451EB74619F233B60035601A /* EonilParsingEngine.framework */; };
		451EB74819F233BB0035601A /* EonilParsingEngine.framework in Frameworks */ = {isa = PBXBuildFile; fileRef = 451EB74619F233B60035601A /* EonilParsingEngine.framework */; };
		451EB74A19F233C20035601A /* EonilCommon.framework in Frameworks */ = {isa = PBXBuildFile; fileRef = 451EB74919F233C20035601A /* EonilCommon.framework */; };
		451EB74B19F233C80035601A /* EonilCommon.framework in Frameworks */ = {isa = PBXBuildFile; fileRef = 451EB74919F233C20035601A /* EonilCommon.framework */; };
		4543352719F2311C009710B2 /* Transcoding.swift in Sources */ = {isa = PBXBuildFile; fileRef = 4543352619F2311C009710B2 /* Transcoding.swift */; };
		4543352819F2311C009710B2 /* Transcoding.swift in Sources */ = {isa = PBXBuildFile; fileRef = 4543352619F2311C009710B2 /* Transcoding.swift */; };
		4543352A19F2312E009710B2 /* Value.swift in Sources */ = {isa = PBXBuildFile; fileRef = 4543352919F2312E009710B2 /* Value.swift */; };
		4543352B19F2312E009710B2 /* Value.swift in Sources */ = {isa = PBXBuildFile; fileRef = 4543352919F2312E009710B2 /* Value.swift */; };
		4543352D19F2313B009710B2 /* TextScanner.swift in Sources */ = {isa = PBXBuildFile; fileRef = 4543352C19F2313B009710B2 /* TextScanner.swift */; };
		4543352E19F2313B009710B2 /* TextScanner.swift in Sources */ = {isa = PBXBuildFile; fileRef = 4543352C19F2313B009710B2 /* TextScanner.swift */; };
		4584D83B19F192090093E2B1 /* System.swift in Sources */ = {isa = PBXBuildFile; fileRef = 4584D83A19F192090093E2B1 /* System.swift */; };
		4584D83E19F192960093E2B1 /* ISO8601.swift in Sources */ = {isa = PBXBuildFile; fileRef = 4584D83D19F192960093E2B1 /* ISO8601.swift */; };
		4584D83F19F192960093E2B1 /* ISO8601.swift in Sources */ = {isa = PBXBuildFile; fileRef = 4584D83D19F192960093E2B1 /* ISO8601.swift */; };
		4584D84519F193090093E2B1 /* Parsing.CharacterConsumer.swift in Sources */ = {isa = PBXBuildFile; fileRef = 4584D84119F193090093E2B1 /* Parsing.CharacterConsumer.swift */; };
		4584D84619F193090093E2B1 /* Parsing.CharacterConsumer.swift in Sources */ = {isa = PBXBuildFile; fileRef = 4584D84119F193090093E2B1 /* Parsing.CharacterConsumer.swift */; };
		4584D84719F193090093E2B1 /* Parsing.CharacterCursor.swift in Sources */ = {isa = PBXBuildFile; fileRef = 4584D84219F193090093E2B1 /* Parsing.CharacterCursor.swift */; };
		4584D84819F193090093E2B1 /* Parsing.CharacterCursor.swift in Sources */ = {isa = PBXBuildFile; fileRef = 4584D84219F193090093E2B1 /* Parsing.CharacterCursor.swift */; };
		4584D84919F193090093E2B1 /* Parsing.Scanner.swift in Sources */ = {isa = PBXBuildFile; fileRef = 4584D84319F193090093E2B1 /* Parsing.Scanner.swift */; };
		4584D84A19F193090093E2B1 /* Parsing.Scanner.swift in Sources */ = {isa = PBXBuildFile; fileRef = 4584D84319F193090093E2B1 /* Parsing.Scanner.swift */; };
		4584D84B19F193090093E2B1 /* Parsing.swift in Sources */ = {isa = PBXBuildFile; fileRef = 4584D84419F193090093E2B1 /* Parsing.swift */; };
		4584D84C19F193090093E2B1 /* Parsing.swift in Sources */ = {isa = PBXBuildFile; fileRef = 4584D84419F193090093E2B1 /* Parsing.swift */; };
		4584D84E19F19D7C0093E2B1 /* ISO8601.Test.swift in Sources */ = {isa = PBXBuildFile; fileRef = 4584D84D19F19D7C0093E2B1 /* ISO8601.Test.swift */; };
		4584D84F19F19D7C0093E2B1 /* ISO8601.Test.swift in Sources */ = {isa = PBXBuildFile; fileRef = 4584D84D19F19D7C0093E2B1 /* ISO8601.Test.swift */; };
		458615D219F17DAD007408AF /* Monolith.swift in Sources */ = {isa = PBXBuildFile; fileRef = 458615D119F17DAD007408AF /* Monolith.swift */; };
		4586160C19F17EF5007408AF /* Operators.swift in Sources */ = {isa = PBXBuildFile; fileRef = 4586160B19F17EF5007408AF /* Operators.swift */; };
		4586160D19F17EF5007408AF /* Operators.swift in Sources */ = {isa = PBXBuildFile; fileRef = 4586160B19F17EF5007408AF /* Operators.swift */; };
/* End PBXBuildFile section */

/* Begin PBXFileReference section */
		451EB74619F233B60035601A /* EonilParsingEngine.framework */ = {isa = PBXFileReference; lastKnownFileType = wrapper.framework; name = EonilParsingEngine.framework; path = "../../../Temp/Xcode/Derivations/Monolith-grltamqdibcujddlqpmfddxldusq/Build/Products/Debug/EonilParsingEngine.framework"; sourceTree = "<group>"; };
		451EB74919F233C20035601A /* EonilCommon.framework */ = {isa = PBXFileReference; lastKnownFileType = wrapper.framework; name = EonilCommon.framework; path = "../../../Temp/Xcode/Derivations/Monolith-grltamqdibcujddlqpmfddxldusq/Build/Products/Debug/EonilCommon.framework"; sourceTree = "<group>"; };
		4543352619F2311C009710B2 /* Transcoding.swift */ = {isa = PBXFileReference; fileEncoding = 4; lastKnownFileType = sourcecode.swift; path = Transcoding.swift; sourceTree = "<group>"; };
		4543352919F2312E009710B2 /* Value.swift */ = {isa = PBXFileReference; fileEncoding = 4; lastKnownFileType = sourcecode.swift; path = Value.swift; sourceTree = "<group>"; };
		4543352C19F2313B009710B2 /* TextScanner.swift */ = {isa = PBXFileReference; fileEncoding = 4; lastKnownFileType = sourcecode.swift; path = TextScanner.swift; sourceTree = "<group>"; };
		4584D83A19F192090093E2B1 /* System.swift */ = {isa = PBXFileReference; fileEncoding = 4; lastKnownFileType = sourcecode.swift; path = System.swift; sourceTree = "<group>"; };
		4584D83D19F192960093E2B1 /* ISO8601.swift */ = {isa = PBXFileReference; fileEncoding = 4; lastKnownFileType = sourcecode.swift; path = ISO8601.swift; sourceTree = "<group>"; };
		4584D84119F193090093E2B1 /* Parsing.CharacterConsumer.swift */ = {isa = PBXFileReference; fileEncoding = 4; lastKnownFileType = sourcecode.swift; path = Parsing.CharacterConsumer.swift; sourceTree = "<group>"; };
		4584D84219F193090093E2B1 /* Parsing.CharacterCursor.swift */ = {isa = PBXFileReference; fileEncoding = 4; lastKnownFileType = sourcecode.swift; path = Parsing.CharacterCursor.swift; sourceTree = "<group>"; };
		4584D84319F193090093E2B1 /* Parsing.Scanner.swift */ = {isa = PBXFileReference; fileEncoding = 4; lastKnownFileType = sourcecode.swift; path = Parsing.Scanner.swift; sourceTree = "<group>"; };
		4584D84419F193090093E2B1 /* Parsing.swift */ = {isa = PBXFileReference; fileEncoding = 4; lastKnownFileType = sourcecode.swift; path = Parsing.swift; sourceTree = "<group>"; };
		4584D84D19F19D7C0093E2B1 /* ISO8601.Test.swift */ = {isa = PBXFileReference; explicitFileType = sourcecode.swift; fileEncoding = 4; path = ISO8601.Test.swift; sourceTree = "<group>"; };
		4586159419F17C4B007408AF /* Monolith.framework */ = {isa = PBXFileReference; explicitFileType = wrapper.framework; includeInIndex = 0; path = Monolith.framework; sourceTree = BUILT_PRODUCTS_DIR; };
		458615B319F17CB8007408AF /* Monolith.framework */ = {isa = PBXFileReference; explicitFileType = wrapper.framework; includeInIndex = 0; path = Monolith.framework; sourceTree = BUILT_PRODUCTS_DIR; };
		458615CE19F17CD3007408AF /* Info.plist */ = {isa = PBXFileReference; lastKnownFileType = text.plist.xml; path = Info.plist; sourceTree = "<group>"; };
		458615D019F17CD3007408AF /* Info.plist */ = {isa = PBXFileReference; lastKnownFileType = text.plist.xml; path = Info.plist; sourceTree = "<group>"; };
		458615D119F17DAD007408AF /* Monolith.swift */ = {isa = PBXFileReference; fileEncoding = 4; lastKnownFileType = sourcecode.swift; path = Monolith.swift; sourceTree = "<group>"; };
		4586160B19F17EF5007408AF /* Operators.swift */ = {isa = PBXFileReference; fileEncoding = 4; lastKnownFileType = sourcecode.swift; path = Operators.swift; sourceTree = "<group>"; };
/* End PBXFileReference section */

/* Begin PBXFrameworksBuildPhase section */
		4586159019F17C4B007408AF /* Frameworks */ = {
			isa = PBXFrameworksBuildPhase;
			buildActionMask = 2147483647;
			files = (
				451EB74B19F233C80035601A /* EonilCommon.framework in Frameworks */,
				451EB74719F233B60035601A /* EonilParsingEngine.framework in Frameworks */,
			);
			runOnlyForDeploymentPostprocessing = 0;
		};
		458615AF19F17CB8007408AF /* Frameworks */ = {
			isa = PBXFrameworksBuildPhase;
			buildActionMask = 2147483647;
			files = (
				451EB74A19F233C20035601A /* EonilCommon.framework in Frameworks */,
				451EB74819F233BB0035601A /* EonilParsingEngine.framework in Frameworks */,
			);
			runOnlyForDeploymentPostprocessing = 0;
		};
/* End PBXFrameworksBuildPhase section */

/* Begin PBXGroup section */
		451EB74C19F233D70035601A /* References */ = {
			isa = PBXGroup;
			children = (
				451EB74919F233C20035601A /* EonilCommon.framework */,
				451EB74619F233B60035601A /* EonilParsingEngine.framework */,
			);
			name = References;
			sourceTree = "<group>";
		};
		4543352519F23116009710B2 /* Transcoding */ = {
			isa = PBXGroup;
			children = (
				4543352619F2311C009710B2 /* Transcoding.swift */,
				4543352919F2312E009710B2 /* Value.swift */,
				4543352C19F2313B009710B2 /* TextScanner.swift */,
			);
			path = Transcoding;
			sourceTree = "<group>";
		};
		4584D83C19F1928F0093E2B1 /* Standard */ = {
			isa = PBXGroup;
			children = (
				4584D83D19F192960093E2B1 /* ISO8601.swift */,
				4584D84D19F19D7C0093E2B1 /* ISO8601.Test.swift */,
			);
			path = Standard;
			sourceTree = "<group>";
		};
		4584D84019F193090093E2B1 /* Parsing */ = {
			isa = PBXGroup;
			children = (
				4584D84419F193090093E2B1 /* Parsing.swift */,
				4584D84319F193090093E2B1 /* Parsing.Scanner.swift */,
				4584D84219F193090093E2B1 /* Parsing.CharacterCursor.swift */,
				4584D84119F193090093E2B1 /* Parsing.CharacterConsumer.swift */,
			);
			path = Parsing;
			sourceTree = "<group>";
		};
		4586156019F17B86007408AF = {
			isa = PBXGroup;
			children = (
				458615CC19F17CD3007408AF /* Targets */,
				458615B419F17CB8007408AF /* Sources */,
				451EB74C19F233D70035601A /* References */,
				4586159519F17C4B007408AF /* Products */,
			);
			sourceTree = "<group>";
		};
		4586159519F17C4B007408AF /* Products */ = {
			isa = PBXGroup;
			children = (
				4586159419F17C4B007408AF /* Monolith.framework */,
				458615B319F17CB8007408AF /* Monolith.framework */,
			);
			name = Products;
			sourceTree = "<group>";
		};
		458615B419F17CB8007408AF /* Sources */ = {
			isa = PBXGroup;
			children = (
				458615D119F17DAD007408AF /* Monolith.swift */,
				4584D83A19F192090093E2B1 /* System.swift */,
				4586160B19F17EF5007408AF /* Operators.swift */,
				4584D83C19F1928F0093E2B1 /* Standard */,
				4584D84019F193090093E2B1 /* Parsing */,
				4543352519F23116009710B2 /* Transcoding */,
			);
			path = Sources;
			sourceTree = "<group>";
		};
		458615CC19F17CD3007408AF /* Targets */ = {
			isa = PBXGroup;
			children = (
				458615CD19F17CD3007408AF /* iOS */,
				458615CF19F17CD3007408AF /* OSX */,
			);
			path = Targets;
			sourceTree = "<group>";
		};
		458615CD19F17CD3007408AF /* iOS */ = {
			isa = PBXGroup;
			children = (
				458615CE19F17CD3007408AF /* Info.plist */,
			);
			path = iOS;
			sourceTree = "<group>";
		};
		458615CF19F17CD3007408AF /* OSX */ = {
			isa = PBXGroup;
			children = (
				458615D019F17CD3007408AF /* Info.plist */,
			);
			path = OSX;
			sourceTree = "<group>";
		};
/* End PBXGroup section */

/* Begin PBXHeadersBuildPhase section */
		4586159119F17C4B007408AF /* Headers */ = {
			isa = PBXHeadersBuildPhase;
			buildActionMask = 2147483647;
			files = (
			);
			runOnlyForDeploymentPostprocessing = 0;
		};
		458615B019F17CB8007408AF /* Headers */ = {
			isa = PBXHeadersBuildPhase;
			buildActionMask = 2147483647;
			files = (
			);
			runOnlyForDeploymentPostprocessing = 0;
		};
/* End PBXHeadersBuildPhase section */

/* Begin PBXNativeTarget section */
		4586159319F17C4B007408AF /* Monolith/OSX */ = {
			isa = PBXNativeTarget;
			buildConfigurationList = 458615A819F17C4B007408AF /* Build configuration list for PBXNativeTarget "Monolith/OSX" */;
			buildPhases = (
				4586158F19F17C4B007408AF /* Sources */,
				4586159019F17C4B007408AF /* Frameworks */,
				4586159119F17C4B007408AF /* Headers */,
				4586159219F17C4B007408AF /* Resources */,
			);
			buildRules = (
			);
			dependencies = (
			);
			name = Monolith/OSX;
			productName = Monolith;
			productReference = 4586159419F17C4B007408AF /* Monolith.framework */;
			productType = "com.apple.product-type.framework";
		};
		458615B219F17CB8007408AF /* Monolith/iOS */ = {
			isa = PBXNativeTarget;
			buildConfigurationList = 458615C619F17CB8007408AF /* Build configuration list for PBXNativeTarget "Monolith/iOS" */;
			buildPhases = (
				458615AE19F17CB8007408AF /* Sources */,
				458615AF19F17CB8007408AF /* Frameworks */,
				458615B019F17CB8007408AF /* Headers */,
				458615B119F17CB8007408AF /* Resources */,
			);
			buildRules = (
			);
			dependencies = (
			);
			name = Monolith/iOS;
			productName = Monolith;
			productReference = 458615B319F17CB8007408AF /* Monolith.framework */;
			productType = "com.apple.product-type.framework";
		};
/* End PBXNativeTarget section */

/* Begin PBXProject section */
		4586156119F17B86007408AF /* Project object */ = {
			isa = PBXProject;
			attributes = {
				LastUpgradeCheck = 0610;
				TargetAttributes = {
					4586159319F17C4B007408AF = {
						CreatedOnToolsVersion = 6.1;
					};
					458615B219F17CB8007408AF = {
						CreatedOnToolsVersion = 6.1;
					};
				};
			};
			buildConfigurationList = 4586156419F17B86007408AF /* Build configuration list for PBXProject "Monolith" */;
			compatibilityVersion = "Xcode 3.2";
			developmentRegion = English;
			hasScannedForEncodings = 0;
			knownRegions = (
				en,
			);
			mainGroup = 4586156019F17B86007408AF;
			productRefGroup = 4586159519F17C4B007408AF /* Products */;
			projectDirPath = "";
			projectRoot = "";
			targets = (
				4586159319F17C4B007408AF /* Monolith/OSX */,
				458615B219F17CB8007408AF /* Monolith/iOS */,
			);
		};
/* End PBXProject section */

/* Begin PBXResourcesBuildPhase section */
		4586159219F17C4B007408AF /* Resources */ = {
			isa = PBXResourcesBuildPhase;
			buildActionMask = 2147483647;
			files = (
			);
			runOnlyForDeploymentPostprocessing = 0;
		};
		458615B119F17CB8007408AF /* Resources */ = {
			isa = PBXResourcesBuildPhase;
			buildActionMask = 2147483647;
			files = (
			);
			runOnlyForDeploymentPostprocessing = 0;
		};
/* End PBXResourcesBuildPhase section */

/* Begin PBXSourcesBuildPhase section */
		4586158F19F17C4B007408AF /* Sources */ = {
			isa = PBXSourcesBuildPhase;
			buildActionMask = 2147483647;
			files = (
				4543352719F2311C009710B2 /* Transcoding.swift in Sources */,
				458615D219F17DAD007408AF /* Monolith.swift in Sources */,
				4543352A19F2312E009710B2 /* Value.swift in Sources */,
				4584D84719F193090093E2B1 /* Parsing.CharacterCursor.swift in Sources */,
				4584D84519F193090093E2B1 /* Parsing.CharacterConsumer.swift in Sources */,
				4584D83B19F192090093E2B1 /* System.swift in Sources */,
				4584D84E19F19D7C0093E2B1 /* ISO8601.Test.swift in Sources */,
				4543352D19F2313B009710B2 /* TextScanner.swift in Sources */,
				4584D84B19F193090093E2B1 /* Parsing.swift in Sources */,
				4584D84919F193090093E2B1 /* Parsing.Scanner.swift in Sources */,
				4584D83E19F192960093E2B1 /* ISO8601.swift in Sources */,
				4586160C19F17EF5007408AF /* Operators.swift in Sources */,
			);
			runOnlyForDeploymentPostprocessing = 0;
		};
		458615AE19F17CB8007408AF /* Sources */ = {
			isa = PBXSourcesBuildPhase;
			buildActionMask = 2147483647;
			files = (
				4543352819F2311C009710B2 /* Transcoding.swift in Sources */,
				4584D83F19F192960093E2B1 /* ISO8601.swift in Sources */,
				4584D84819F193090093E2B1 /* Parsing.CharacterCursor.swift in Sources */,
				4543352E19F2313B009710B2 /* TextScanner.swift in Sources */,
				4584D84A19F193090093E2B1 /* Parsing.Scanner.swift in Sources */,
				4584D84F19F19D7C0093E2B1 /* ISO8601.Test.swift in Sources */,
				4543352B19F2312E009710B2 /* Value.swift in Sources */,
				4586160D19F17EF5007408AF /* Operators.swift in Sources */,
				4584D84C19F193090093E2B1 /* Parsing.swift in Sources */,
				4584D84619F193090093E2B1 /* Parsing.CharacterConsumer.swift in Sources */,
			);
			runOnlyForDeploymentPostprocessing = 0;
		};
/* End PBXSourcesBuildPhase section */

/* Begin XCBuildConfiguration section */
		4586156519F17B86007408AF /* Debug */ = {
			isa = XCBuildConfiguration;
			buildSettings = {
				PRODUCT_NAME = "$(PROJECT_NAME)";
			};
			name = Debug;
		};
		4586156619F17B86007408AF /* Release */ = {
			isa = XCBuildConfiguration;
			buildSettings = {
				PRODUCT_NAME = "$(PROJECT_NAME)";
			};
			name = Release;
		};
		458615A919F17C4B007408AF /* Debug */ = {
			isa = XCBuildConfiguration;
			buildSettings = {
				ALWAYS_SEARCH_USER_PATHS = NO;
				CLANG_CXX_LANGUAGE_STANDARD = "gnu++0x";
				CLANG_CXX_LIBRARY = "libc++";
				CLANG_ENABLE_MODULES = YES;
				CLANG_ENABLE_OBJC_ARC = YES;
				CLANG_WARN_BOOL_CONVERSION = YES;
				CLANG_WARN_CONSTANT_CONVERSION = YES;
				CLANG_WARN_DIRECT_OBJC_ISA_USAGE = YES_ERROR;
				CLANG_WARN_EMPTY_BODY = YES;
				CLANG_WARN_ENUM_CONVERSION = YES;
				CLANG_WARN_INT_CONVERSION = YES;
				CLANG_WARN_OBJC_ROOT_CLASS = YES_ERROR;
				CLANG_WARN_UNREACHABLE_CODE = YES;
				CLANG_WARN__DUPLICATE_METHOD_MATCH = YES;
				COMBINE_HIDPI_IMAGES = YES;
				COPY_PHASE_STRIP = NO;
				CURRENT_PROJECT_VERSION = 1;
				DEFINES_MODULE = YES;
				DYLIB_COMPATIBILITY_VERSION = 1;
				DYLIB_CURRENT_VERSION = 1;
				DYLIB_INSTALL_NAME_BASE = "@rpath";
				ENABLE_STRICT_OBJC_MSGSEND = YES;
				FRAMEWORK_SEARCH_PATHS = (
					"$(inherited)",
					"/Users/Eonil/Workshop/Temp/Xcode/Derivations/Monolith-grltamqdibcujddlqpmfddxldusq/Build/Products/Debug",
				);
				FRAMEWORK_VERSION = A;
				GCC_C_LANGUAGE_STANDARD = gnu99;
				GCC_DYNAMIC_NO_PIC = NO;
				GCC_OPTIMIZATION_LEVEL = 0;
				GCC_PREPROCESSOR_DEFINITIONS = (
					"DEBUG=1",
					"$(inherited)",
				);
				GCC_SYMBOLS_PRIVATE_EXTERN = NO;
				GCC_WARN_64_TO_32_BIT_CONVERSION = YES;
				GCC_WARN_ABOUT_RETURN_TYPE = YES_ERROR;
				GCC_WARN_UNDECLARED_SELECTOR = YES;
				GCC_WARN_UNINITIALIZED_AUTOS = YES_AGGRESSIVE;
				GCC_WARN_UNUSED_FUNCTION = YES;
				GCC_WARN_UNUSED_VARIABLE = YES;
				INFOPLIST_FILE = Targets/OSX/Info.plist;
				INSTALL_PATH = "$(LOCAL_LIBRARY_DIR)/Frameworks";
				LD_RUNPATH_SEARCH_PATHS = "$(inherited) @executable_path/../Frameworks @loader_path/Frameworks";
				MACOSX_DEPLOYMENT_TARGET = 10.10;
				MTL_ENABLE_DEBUG_INFO = YES;
				ONLY_ACTIVE_ARCH = YES;
				SDKROOT = macosx;
				SKIP_INSTALL = YES;
				SWIFT_OPTIMIZATION_LEVEL = "-Onone";
				VERSIONING_SYSTEM = "apple-generic";
				VERSION_INFO_PREFIX = "";
			};
			name = Debug;
		};
		458615AA19F17C4B007408AF /* Release */ = {
			isa = XCBuildConfiguration;
			buildSettings = {
				ALWAYS_SEARCH_USER_PATHS = NO;
				CLANG_CXX_LANGUAGE_STANDARD = "gnu++0x";
				CLANG_CXX_LIBRARY = "libc++";
				CLANG_ENABLE_MODULES = YES;
				CLANG_ENABLE_OBJC_ARC = YES;
				CLANG_WARN_BOOL_CONVERSION = YES;
				CLANG_WARN_CONSTANT_CONVERSION = YES;
				CLANG_WARN_DIRECT_OBJC_ISA_USAGE = YES_ERROR;
				CLANG_WARN_EMPTY_BODY = YES;
				CLANG_WARN_ENUM_CONVERSION = YES;
				CLANG_WARN_INT_CONVERSION = YES;
				CLANG_WARN_OBJC_ROOT_CLASS = YES_ERROR;
				CLANG_WARN_UNREACHABLE_CODE = YES;
				CLANG_WARN__DUPLICATE_METHOD_MATCH = YES;
				COMBINE_HIDPI_IMAGES = YES;
				COPY_PHASE_STRIP = YES;
				CURRENT_PROJECT_VERSION = 1;
				DEBUG_INFORMATION_FORMAT = "dwarf-with-dsym";
				DEFINES_MODULE = YES;
				DYLIB_COMPATIBILITY_VERSION = 1;
				DYLIB_CURRENT_VERSION = 1;
				DYLIB_INSTALL_NAME_BASE = "@rpath";
				ENABLE_NS_ASSERTIONS = NO;
				ENABLE_STRICT_OBJC_MSGSEND = YES;
				FRAMEWORK_SEARCH_PATHS = (
					"$(inherited)",
					"/Users/Eonil/Workshop/Temp/Xcode/Derivations/Monolith-grltamqdibcujddlqpmfddxldusq/Build/Products/Debug",
				);
				FRAMEWORK_VERSION = A;
				GCC_C_LANGUAGE_STANDARD = gnu99;
				GCC_WARN_64_TO_32_BIT_CONVERSION = YES;
				GCC_WARN_ABOUT_RETURN_TYPE = YES_ERROR;
				GCC_WARN_UNDECLARED_SELECTOR = YES;
				GCC_WARN_UNINITIALIZED_AUTOS = YES_AGGRESSIVE;
				GCC_WARN_UNUSED_FUNCTION = YES;
				GCC_WARN_UNUSED_VARIABLE = YES;
				INFOPLIST_FILE = Targets/OSX/Info.plist;
				INSTALL_PATH = "$(LOCAL_LIBRARY_DIR)/Frameworks";
				LD_RUNPATH_SEARCH_PATHS = "$(inherited) @executable_path/../Frameworks @loader_path/Frameworks";
				MACOSX_DEPLOYMENT_TARGET = 10.10;
				MTL_ENABLE_DEBUG_INFO = NO;
				SDKROOT = macosx;
				SKIP_INSTALL = YES;
				VERSIONING_SYSTEM = "apple-generic";
				VERSION_INFO_PREFIX = "";
			};
			name = Release;
		};
		458615C719F17CB8007408AF /* Debug */ = {
			isa = XCBuildConfiguration;
			buildSettings = {
				ALWAYS_SEARCH_USER_PATHS = NO;
				CLANG_CXX_LANGUAGE_STANDARD = "gnu++0x";
				CLANG_CXX_LIBRARY = "libc++";
				CLANG_ENABLE_MODULES = YES;
				CLANG_ENABLE_OBJC_ARC = YES;
				CLANG_WARN_BOOL_CONVERSION = YES;
				CLANG_WARN_CONSTANT_CONVERSION = YES;
				CLANG_WARN_DIRECT_OBJC_ISA_USAGE = YES_ERROR;
				CLANG_WARN_EMPTY_BODY = YES;
				CLANG_WARN_ENUM_CONVERSION = YES;
				CLANG_WARN_INT_CONVERSION = YES;
				CLANG_WARN_OBJC_ROOT_CLASS = YES_ERROR;
				CLANG_WARN_UNREACHABLE_CODE = YES;
				CLANG_WARN__DUPLICATE_METHOD_MATCH = YES;
				COMBINE_HIDPI_IMAGES = YES;
				COPY_PHASE_STRIP = NO;
				CURRENT_PROJECT_VERSION = 1;
				DEFINES_MODULE = YES;
				DYLIB_COMPATIBILITY_VERSION = 1;
				DYLIB_CURRENT_VERSION = 1;
				DYLIB_INSTALL_NAME_BASE = "@rpath";
				ENABLE_STRICT_OBJC_MSGSEND = YES;
				FRAMEWORK_SEARCH_PATHS = (
					"$(inherited)",
					"/Users/Eonil/Workshop/Temp/Xcode/Derivations/Monolith-grltamqdibcujddlqpmfddxldusq/Build/Products/Debug",
				);
				FRAMEWORK_VERSION = A;
				GCC_C_LANGUAGE_STANDARD = gnu99;
				GCC_DYNAMIC_NO_PIC = NO;
				GCC_OPTIMIZATION_LEVEL = 0;
				GCC_PREPROCESSOR_DEFINITIONS = (
					"DEBUG=1",
					"$(inherited)",
				);
				GCC_SYMBOLS_PRIVATE_EXTERN = NO;
				GCC_WARN_64_TO_32_BIT_CONVERSION = YES;
				GCC_WARN_ABOUT_RETURN_TYPE = YES_ERROR;
				GCC_WARN_UNDECLARED_SELECTOR = YES;
				GCC_WARN_UNINITIALIZED_AUTOS = YES_AGGRESSIVE;
				GCC_WARN_UNUSED_FUNCTION = YES;
				GCC_WARN_UNUSED_VARIABLE = YES;
				INFOPLIST_FILE = Targets/iOS/Info.plist;
				INSTALL_PATH = "$(LOCAL_LIBRARY_DIR)/Frameworks";
				LD_RUNPATH_SEARCH_PATHS = "$(inherited) @executable_path/../Frameworks @loader_path/Frameworks";
				MACOSX_DEPLOYMENT_TARGET = 10.10;
				MTL_ENABLE_DEBUG_INFO = YES;
				ONLY_ACTIVE_ARCH = YES;
				SDKROOT = macosx;
				SKIP_INSTALL = YES;
				SWIFT_OPTIMIZATION_LEVEL = "-Onone";
				VERSIONING_SYSTEM = "apple-generic";
				VERSION_INFO_PREFIX = "";
			};
			name = Debug;
		};
		458615C819F17CB8007408AF /* Release */ = {
			isa = XCBuildConfiguration;
			buildSettings = {
				ALWAYS_SEARCH_USER_PATHS = NO;
				CLANG_CXX_LANGUAGE_STANDARD = "gnu++0x";
				CLANG_CXX_LIBRARY = "libc++";
				CLANG_ENABLE_MODULES = YES;
				CLANG_ENABLE_OBJC_ARC = YES;
				CLANG_WARN_BOOL_CONVERSION = YES;
				CLANG_WARN_CONSTANT_CONVERSION = YES;
				CLANG_WARN_DIRECT_OBJC_ISA_USAGE = YES_ERROR;
				CLANG_WARN_EMPTY_BODY = YES;
				CLANG_WARN_ENUM_CONVERSION = YES;
				CLANG_WARN_INT_CONVERSION = YES;
				CLANG_WARN_OBJC_ROOT_CLASS = YES_ERROR;
				CLANG_WARN_UNREACHABLE_CODE = YES;
				CLANG_WARN__DUPLICATE_METHOD_MATCH = YES;
				COMBINE_HIDPI_IMAGES = YES;
				COPY_PHASE_STRIP = YES;
				CURRENT_PROJECT_VERSION = 1;
				DEBUG_INFORMATION_FORMAT = "dwarf-with-dsym";
				DEFINES_MODULE = YES;
				DYLIB_COMPATIBILITY_VERSION = 1;
				DYLIB_CURRENT_VERSION = 1;
				DYLIB_INSTALL_NAME_BASE = "@rpath";
				ENABLE_NS_ASSERTIONS = NO;
				ENABLE_STRICT_OBJC_MSGSEND = YES;
				FRAMEWORK_SEARCH_PATHS = (
					"$(inherited)",
					"/Users/Eonil/Workshop/Temp/Xcode/Derivations/Monolith-grltamqdibcujddlqpmfddxldusq/Build/Products/Debug",
				);
				FRAMEWORK_VERSION = A;
				GCC_C_LANGUAGE_STANDARD = gnu99;
				GCC_WARN_64_TO_32_BIT_CONVERSION = YES;
				GCC_WARN_ABOUT_RETURN_TYPE = YES_ERROR;
				GCC_WARN_UNDECLARED_SELECTOR = YES;
				GCC_WARN_UNINITIALIZED_AUTOS = YES_AGGRESSIVE;
				GCC_WARN_UNUSED_FUNCTION = YES;
				GCC_WARN_UNUSED_VARIABLE = YES;
				INFOPLIST_FILE = Targets/iOS/Info.plist;
				INSTALL_PATH = "$(LOCAL_LIBRARY_DIR)/Frameworks";
				LD_RUNPATH_SEARCH_PATHS = "$(inherited) @executable_path/../Frameworks @loader_path/Frameworks";
				MACOSX_DEPLOYMENT_TARGET = 10.10;
				MTL_ENABLE_DEBUG_INFO = NO;
				SDKROOT = macosx;
				SKIP_INSTALL = YES;
				VERSIONING_SYSTEM = "apple-generic";
				VERSION_INFO_PREFIX = "";
			};
			name = Release;
		};
/* End XCBuildConfiguration section */

/* Begin XCConfigurationList section */
		4586156419F17B86007408AF /* Build configuration list for PBXProject "Monolith" */ = {
			isa = XCConfigurationList;
			buildConfigurations = (
				4586156519F17B86007408AF /* Debug */,
				4586156619F17B86007408AF /* Release */,
			);
			defaultConfigurationIsVisible = 0;
			defaultConfigurationName = Release;
		};
		458615A819F17C4B007408AF /* Build configuration list for PBXNativeTarget "Monolith/OSX" */ = {
			isa = XCConfigurationList;
			buildConfigurations = (
				458615A919F17C4B007408AF /* Debug */,
				458615AA19F17C4B007408AF /* Release */,
			);
			defaultConfigurationIsVisible = 0;
			defaultConfigurationName = Release;
		};
		458615C619F17CB8007408AF /* Build configuration list for PBXNativeTarget "Monolith/iOS" */ = {
			isa = XCConfigurationList;
			buildConfigurations = (
				458615C719F17CB8007408AF /* Debug */,
				458615C819F17CB8007408AF /* Release */,
			);
			defaultConfigurationIsVisible = 0;
			defaultConfigurationName = Release;
		};
/* End XCConfigurationList section */
	};
	rootObject = 4586156119F17B86007408AF /* Project object */;
}
